
Microsoft Visual Studio Solution File, Format Version 12.00
# Visual Studio Version 17
VisualStudioVersion = 17.10.34928.147
MinimumVisualStudioVersion = 10.0.40219.1
Project("{8BC9CEB8-8B4A-11D0-8D11-00A0C91BC942}") = "문제 6-1", "문제 6-1\문제 6-1.vcxproj", "{234A357C-7FEE-4ECB-AB53-09A16E8E3EC1}"
EndProject
Project("{8BC9CEB8-8B4A-11D0-8D11-00A0C91BC942}") = "문제 6-2", "문제 6-2\문제 6-2.vcxproj", "{3FF32C29-300D-4CAA-9826-BBF3D99631E9}"
EndProject
Project("{8BC9CEB8-8B4A-11D0-8D11-00A0C91BC942}") = "문제 6-3", "문제 6-3\문제 6-3.vcxproj", "{4A01761C-33B9-44A9-8674-F7F3267AC5EA}"
EndProject
Project("{8BC9CEB8-8B4A-11D0-8D11-00A0C91BC942}") = "문제 6-4", "문제 6-4\문제 6-4.vcxproj", "{7110206A-426C-4A2E-91AB-C70CD53CF241}"
EndProject
Project("{8BC9CEB8-8B4A-11D0-8D11-00A0C91BC942}") = "문제 6-5", "문제 6-5\문제 6-5.vcxproj", "{3DA09026-38E1-4AB2-B34C-3BAC55417AAB}"
EndProject
Global
	GlobalSection(SolutionConfigurationPlatforms) = preSolution
		Debug|x64 = Debug|x64
		Debug|x86 = Debug|x86
		Release|x64 = Release|x64
		Release|x86 = Release|x86
	EndGlobalSection
	GlobalSection(ProjectConfigurationPlatforms) = postSolution
		{234A357C-7FEE-4ECB-AB53-09A16E8E3EC1}.Debug|x64.ActiveCfg = Debug|x64
		{234A357C-7FEE-4ECB-AB53-09A16E8E3EC1}.Debug|x64.Build.0 = Debug|x64
		{234A357C-7FEE-4ECB-AB53-09A16E8E3EC1}.Debug|x86.ActiveCfg = Debug|Win32
		{234A357C-7FEE-4ECB-AB53-09A16E8E3EC1}.Debug|x86.Build.0 = Debug|Win32
		{234A357C-7FEE-4ECB-AB53-09A16E8E3EC1}.Release|x64.ActiveCfg = Release|x64
		{234A357C-7FEE-4ECB-AB53-09A16E8E3EC1}.Release|x64.Build.0 = Release|x64
		{234A357C-7FEE-4ECB-AB53-09A16E8E3EC1}.Release|x86.ActiveCfg = Release|Win32
		{234A357C-7FEE-4ECB-AB53-09A16E8E3EC1}.Release|x86.Build.0 = Release|Win32
		{3FF32C29-300D-4CAA-9826-BBF3D99631E9}.Debug|x64.ActiveCfg = Debug|x64
		{3FF32C29-300D-4CAA-9826-BBF3D99631E9}.Debug|x64.Build.0 = Debug|x64
		{3FF32C29-300D-4CAA-9826-BBF3D99631E9}.Debug|x86.ActiveCfg = Debug|Win32
		{3FF32C29-300D-4CAA-9826-BBF3D99631E9}.Debug|x86.Build.0 = Debug|Win32
		{3FF32C29-300D-4CAA-9826-BBF3D99631E9}.Release|x64.ActiveCfg = Release|x64
		{3FF32C29-300D-4CAA-9826-BBF3D99631E9}.Release|x64.Build.0 = Release|x64
		{3FF32C29-300D-4CAA-9826-BBF3D99631E9}.Release|x86.ActiveCfg = Release|Win32
		{3FF32C29-300D-4CAA-9826-BBF3D99631E9}.Release|x86.Build.0 = Release|Win32
		{4A01761C-33B9-44A9-8674-F7F3267AC5EA}.Debug|x64.ActiveCfg = Debug|x64
		{4A01761C-33B9-44A9-8674-F7F3267AC5EA}.Debug|x64.Build.0 = Debug|x64
		{4A01761C-33B9-44A9-8674-F7F3267AC5EA}.Debug|x86.ActiveCfg = Debug|Win32
		{4A01761C-33B9-44A9-8674-F7F3267AC5EA}.Debug|x86.Build.0 = Debug|Win32
		{4A01761C-33B9-44A9-8674-F7F3267AC5EA}.Release|x64.ActiveCfg = Release|x64
		{4A01761C-33B9-44A9-8674-F7F3267AC5EA}.Release|x64.Build.0 = Release|x64
		{4A01761C-33B9-44A9-8674-F7F3267AC5EA}.Release|x86.ActiveCfg = Release|Win32
		{4A01761C-33B9-44A9-8674-F7F3267AC5EA}.Release|x86.Build.0 = Release|Win32
		{7110206A-426C-4A2E-91AB-C70CD53CF241}.Debug|x64.ActiveCfg = Debug|x64
		{7110206A-426C-4A2E-91AB-C70CD53CF241}.Debug|x64.Build.0 = Debug|x64
		{7110206A-426C-4A2E-91AB-C70CD53CF241}.Debug|x86.ActiveCfg = Debug|Win32
		{7110206A-426C-4A2E-91AB-C70CD53CF241}.Debug|x86.Build.0 = Debug|Win32
		{7110206A-426C-4A2E-91AB-C70CD53CF241}.Release|x64.ActiveCfg = Release|x64
		{7110206A-426C-4A2E-91AB-C70CD53CF241}.Release|x64.Build.0 = Release|x64
		{7110206A-426C-4A2E-91AB-C70CD53CF241}.Release|x86.ActiveCfg = Release|Win32
		{7110206A-426C-4A2E-91AB-C70CD53CF241}.Release|x86.Build.0 = Release|Win32
		{3DA09026-38E1-4AB2-B34C-3BAC55417AAB}.Debug|x64.ActiveCfg = Debug|x64
		{3DA09026-38E1-4AB2-B34C-3BAC55417AAB}.Debug|x64.Build.0 = Debug|x64
		{3DA09026-38E1-4AB2-B34C-3BAC55417AAB}.Debug|x86.ActiveCfg = Debug|Win32
		{3DA09026-38E1-4AB2-B34C-3BAC55417AAB}.Debug|x86.Build.0 = Debug|Win32
		{3DA09026-38E1-4AB2-B34C-3BAC55417AAB}.Release|x64.ActiveCfg = Release|x64
		{3DA09026-38E1-4AB2-B34C-3BAC55417AAB}.Release|x64.Build.0 = Release|x64
		{3DA09026-38E1-4AB2-B34C-3BAC55417AAB}.Release|x86.ActiveCfg = Release|Win32
		{3DA09026-38E1-4AB2-B34C-3BAC55417AAB}.Release|x86.Build.0 = Release|Win32
	EndGlobalSection
	GlobalSection(SolutionProperties) = preSolution
		HideSolutionNode = FALSE
	EndGlobalSection
	GlobalSection(ExtensibilityGlobals) = postSolution
		SolutionGuid = {10867736-8E3B-4B8D-AF22-3F0D4E77CCE8}
	EndGlobalSection
EndGlobal
