
Microsoft Visual Studio Solution File, Format Version 12.00
# Visual Studio Version 17
VisualStudioVersion = 17.14.36109.1
MinimumVisualStudioVersion = 10.0.40219.1
Project("{8BC9CEB8-8B4A-11D0-8D11-00A0C91BC942}") = "예제 10-1", "예제 10-1\예제 10-1.vcxproj", "{3621C895-C185-44EC-9DB8-20DE11DD5C14}"
EndProject
Project("{8BC9CEB8-8B4A-11D0-8D11-00A0C91BC942}") = "예제 10-2", "예제 10-2\예제 10-2.vcxproj", "{5E681664-5106-47D2-B182-CB726AA71E09}"
EndProject
Project("{8BC9CEB8-8B4A-11D0-8D11-00A0C91BC942}") = "퀴즈", "퀴즈\퀴즈.vcxproj", "{B9EDFF4B-D290-4556-A0C7-8B20C222599B}"
EndProject
Project("{8BC9CEB8-8B4A-11D0-8D11-00A0C91BC942}") = "예제 10-2 퀴즈", "예제 10-2 퀴즈\예제 10-2 퀴즈.vcxproj", "{54E91609-88F5-4DCE-A867-CAA7A38C27D8}"
EndProject
Project("{8BC9CEB8-8B4A-11D0-8D11-00A0C91BC942}") = "예제 10-11", "예제 10-11\예제 10-11.vcxproj", "{F604B71E-BBF9-43AF-8AB7-60B4824CA90C}"
EndProject
Project("{8BC9CEB8-8B4A-11D0-8D11-00A0C91BC942}") = "예제 10-3", "예제 10-3\예제 10-3.vcxproj", "{19FD9C7E-07C7-4A6E-AA38-38212EAD7F3D}"
EndProject
Project("{8BC9CEB8-8B4A-11D0-8D11-00A0C91BC942}") = "예제 10-4", "예제 10-4\예제 10-4.vcxproj", "{4BE9756A-B8CF-4B42-A89A-C6CF20E45FF5}"
EndProject
Project("{8BC9CEB8-8B4A-11D0-8D11-00A0C91BC942}") = "예제 10-5", "예제 10-5\예제 10-5.vcxproj", "{D372A06C-F7BE-4AC0-8D2E-BC7152AE1AB9}"
EndProject
Project("{8BC9CEB8-8B4A-11D0-8D11-00A0C91BC942}") = "예제 10-6", "예제 10-6\예제 10-6.vcxproj", "{2762DDF1-A6FD-46B2-AA80-809DC9B22EB7}"
EndProject
Project("{8BC9CEB8-8B4A-11D0-8D11-00A0C91BC942}") = "예제 10-7", "예제 10-7\예제 10-7.vcxproj", "{9EDF0305-95E8-41B1-B620-A24A932CDC1D}"
EndProject
Project("{8BC9CEB8-8B4A-11D0-8D11-00A0C91BC942}") = "예제 10-8", "예제 10-8\예제 10-8.vcxproj", "{C90969E2-3BBF-49E0-A203-D7900A85A773}"
EndProject
Project("{8BC9CEB8-8B4A-11D0-8D11-00A0C91BC942}") = "예제 10-9", "예제 10-9\예제 10-9.vcxproj", "{02769D73-649B-4743-B88E-E7D33905EB51}"
EndProject
Project("{8BC9CEB8-8B4A-11D0-8D11-00A0C91BC942}") = "예제 10-10", "예제 10-10\예제 10-10.vcxproj", "{85A8D94B-85C1-4674-940C-8F335F137E4D}"
EndProject
Project("{8BC9CEB8-8B4A-11D0-8D11-00A0C91BC942}") = "예제 10-12", "예제 10-12\예제 10-12.vcxproj", "{A975A3D8-249A-4EBA-9716-C77C219D40E6}"
EndProject
Project("{8BC9CEB8-8B4A-11D0-8D11-00A0C91BC942}") = "예제 10-11 퀴즈", "예제 10-11 퀴즈\예제 10-11 퀴즈.vcxproj", "{4AEFC65F-106F-4C2A-AA0A-F5FCA2108978}"
EndProject
Project("{8BC9CEB8-8B4A-11D0-8D11-00A0C91BC942}") = "예제 10-13", "예제 10-13\예제 10-13.vcxproj", "{2985BCBC-760B-43B0-A2FD-659A56973CC2}"
EndProject
Project("{8BC9CEB8-8B4A-11D0-8D11-00A0C91BC942}") = "예제 10-14", "예제 10-14\예제 10-14.vcxproj", "{8746146C-B132-4518-B99E-1C7D265F4C7C}"
EndProject
Project("{8BC9CEB8-8B4A-11D0-8D11-00A0C91BC942}") = "예제 10-15", "예제 10-15\예제 10-15.vcxproj", "{608ABB1B-1369-43E3-88AB-7958D79958E4}"
EndProject
Project("{8BC9CEB8-8B4A-11D0-8D11-00A0C91BC942}") = "예제 10-16", "예제 10-16\예제 10-16.vcxproj", "{41C4D319-0E01-4F8C-9CDE-B9438AD09EED}"
EndProject
Project("{8BC9CEB8-8B4A-11D0-8D11-00A0C91BC942}") = "예제 10-17", "예제 10-17\예제 10-17.vcxproj", "{45B11EF1-CEEA-47BE-BB28-420BC9D23C5B}"
EndProject
Project("{8BC9CEB8-8B4A-11D0-8D11-00A0C91BC942}") = "예제 10-18", "예제 10-18\예제 10-18.vcxproj", "{E7EE52DA-B0D9-448A-A6B2-14CCE33BEC74}"
EndProject
Project("{8BC9CEB8-8B4A-11D0-8D11-00A0C91BC942}") = "예제 10-19", "예제 10-19\예제 10-19.vcxproj", "{340E0C06-3C5A-4A2F-B78D-5F871878ED2D}"
EndProject
Project("{8BC9CEB8-8B4A-11D0-8D11-00A0C91BC942}") = "예제 10-20", "예제 10-20\예제 10-20.vcxproj", "{1EFEE265-8B59-45FD-92D8-3C2D91074C7B}"
EndProject
Global
	GlobalSection(SolutionConfigurationPlatforms) = preSolution
		Debug|x64 = Debug|x64
		Debug|x86 = Debug|x86
		Release|x64 = Release|x64
		Release|x86 = Release|x86
	EndGlobalSection
	GlobalSection(ProjectConfigurationPlatforms) = postSolution
		{3621C895-C185-44EC-9DB8-20DE11DD5C14}.Debug|x64.ActiveCfg = Debug|x64
		{3621C895-C185-44EC-9DB8-20DE11DD5C14}.Debug|x64.Build.0 = Debug|x64
		{3621C895-C185-44EC-9DB8-20DE11DD5C14}.Debug|x86.ActiveCfg = Debug|Win32
		{3621C895-C185-44EC-9DB8-20DE11DD5C14}.Debug|x86.Build.0 = Debug|Win32
		{3621C895-C185-44EC-9DB8-20DE11DD5C14}.Release|x64.ActiveCfg = Release|x64
		{3621C895-C185-44EC-9DB8-20DE11DD5C14}.Release|x64.Build.0 = Release|x64
		{3621C895-C185-44EC-9DB8-20DE11DD5C14}.Release|x86.ActiveCfg = Release|Win32
		{3621C895-C185-44EC-9DB8-20DE11DD5C14}.Release|x86.Build.0 = Release|Win32
		{5E681664-5106-47D2-B182-CB726AA71E09}.Debug|x64.ActiveCfg = Debug|x64
		{5E681664-5106-47D2-B182-CB726AA71E09}.Debug|x64.Build.0 = Debug|x64
		{5E681664-5106-47D2-B182-CB726AA71E09}.Debug|x86.ActiveCfg = Debug|Win32
		{5E681664-5106-47D2-B182-CB726AA71E09}.Debug|x86.Build.0 = Debug|Win32
		{5E681664-5106-47D2-B182-CB726AA71E09}.Release|x64.ActiveCfg = Release|x64
		{5E681664-5106-47D2-B182-CB726AA71E09}.Release|x64.Build.0 = Release|x64
		{5E681664-5106-47D2-B182-CB726AA71E09}.Release|x86.ActiveCfg = Release|Win32
		{5E681664-5106-47D2-B182-CB726AA71E09}.Release|x86.Build.0 = Release|Win32
		{B9EDFF4B-D290-4556-A0C7-8B20C222599B}.Debug|x64.ActiveCfg = Debug|x64
		{B9EDFF4B-D290-4556-A0C7-8B20C222599B}.Debug|x64.Build.0 = Debug|x64
		{B9EDFF4B-D290-4556-A0C7-8B20C222599B}.Debug|x86.ActiveCfg = Debug|Win32
		{B9EDFF4B-D290-4556-A0C7-8B20C222599B}.Debug|x86.Build.0 = Debug|Win32
		{B9EDFF4B-D290-4556-A0C7-8B20C222599B}.Release|x64.ActiveCfg = Release|x64
		{B9EDFF4B-D290-4556-A0C7-8B20C222599B}.Release|x64.Build.0 = Release|x64
		{B9EDFF4B-D290-4556-A0C7-8B20C222599B}.Release|x86.ActiveCfg = Release|Win32
		{B9EDFF4B-D290-4556-A0C7-8B20C222599B}.Release|x86.Build.0 = Release|Win32
		{54E91609-88F5-4DCE-A867-CAA7A38C27D8}.Debug|x64.ActiveCfg = Debug|x64
		{54E91609-88F5-4DCE-A867-CAA7A38C27D8}.Debug|x64.Build.0 = Debug|x64
		{54E91609-88F5-4DCE-A867-CAA7A38C27D8}.Debug|x86.ActiveCfg = Debug|Win32
		{54E91609-88F5-4DCE-A867-CAA7A38C27D8}.Debug|x86.Build.0 = Debug|Win32
		{54E91609-88F5-4DCE-A867-CAA7A38C27D8}.Release|x64.ActiveCfg = Release|x64
		{54E91609-88F5-4DCE-A867-CAA7A38C27D8}.Release|x64.Build.0 = Release|x64
		{54E91609-88F5-4DCE-A867-CAA7A38C27D8}.Release|x86.ActiveCfg = Release|Win32
		{54E91609-88F5-4DCE-A867-CAA7A38C27D8}.Release|x86.Build.0 = Release|Win32
		{F604B71E-BBF9-43AF-8AB7-60B4824CA90C}.Debug|x64.ActiveCfg = Debug|x64
		{F604B71E-BBF9-43AF-8AB7-60B4824CA90C}.Debug|x64.Build.0 = Debug|x64
		{F604B71E-BBF9-43AF-8AB7-60B4824CA90C}.Debug|x86.ActiveCfg = Debug|Win32
		{F604B71E-BBF9-43AF-8AB7-60B4824CA90C}.Debug|x86.Build.0 = Debug|Win32
		{F604B71E-BBF9-43AF-8AB7-60B4824CA90C}.Release|x64.ActiveCfg = Release|x64
		{F604B71E-BBF9-43AF-8AB7-60B4824CA90C}.Release|x64.Build.0 = Release|x64
		{F604B71E-BBF9-43AF-8AB7-60B4824CA90C}.Release|x86.ActiveCfg = Release|Win32
		{F604B71E-BBF9-43AF-8AB7-60B4824CA90C}.Release|x86.Build.0 = Release|Win32
		{19FD9C7E-07C7-4A6E-AA38-38212EAD7F3D}.Debug|x64.ActiveCfg = Debug|x64
		{19FD9C7E-07C7-4A6E-AA38-38212EAD7F3D}.Debug|x64.Build.0 = Debug|x64
		{19FD9C7E-07C7-4A6E-AA38-38212EAD7F3D}.Debug|x86.ActiveCfg = Debug|Win32
		{19FD9C7E-07C7-4A6E-AA38-38212EAD7F3D}.Debug|x86.Build.0 = Debug|Win32
		{19FD9C7E-07C7-4A6E-AA38-38212EAD7F3D}.Release|x64.ActiveCfg = Release|x64
		{19FD9C7E-07C7-4A6E-AA38-38212EAD7F3D}.Release|x64.Build.0 = Release|x64
		{19FD9C7E-07C7-4A6E-AA38-38212EAD7F3D}.Release|x86.ActiveCfg = Release|Win32
		{19FD9C7E-07C7-4A6E-AA38-38212EAD7F3D}.Release|x86.Build.0 = Release|Win32
		{4BE9756A-B8CF-4B42-A89A-C6CF20E45FF5}.Debug|x64.ActiveCfg = Debug|x64
		{4BE9756A-B8CF-4B42-A89A-C6CF20E45FF5}.Debug|x64.Build.0 = Debug|x64
		{4BE9756A-B8CF-4B42-A89A-C6CF20E45FF5}.Debug|x86.ActiveCfg = Debug|Win32
		{4BE9756A-B8CF-4B42-A89A-C6CF20E45FF5}.Debug|x86.Build.0 = Debug|Win32
		{4BE9756A-B8CF-4B42-A89A-C6CF20E45FF5}.Release|x64.ActiveCfg = Release|x64
		{4BE9756A-B8CF-4B42-A89A-C6CF20E45FF5}.Release|x64.Build.0 = Release|x64
		{4BE9756A-B8CF-4B42-A89A-C6CF20E45FF5}.Release|x86.ActiveCfg = Release|Win32
		{4BE9756A-B8CF-4B42-A89A-C6CF20E45FF5}.Release|x86.Build.0 = Release|Win32
		{D372A06C-F7BE-4AC0-8D2E-BC7152AE1AB9}.Debug|x64.ActiveCfg = Debug|x64
		{D372A06C-F7BE-4AC0-8D2E-BC7152AE1AB9}.Debug|x64.Build.0 = Debug|x64
		{D372A06C-F7BE-4AC0-8D2E-BC7152AE1AB9}.Debug|x86.ActiveCfg = Debug|Win32
		{D372A06C-F7BE-4AC0-8D2E-BC7152AE1AB9}.Debug|x86.Build.0 = Debug|Win32
		{D372A06C-F7BE-4AC0-8D2E-BC7152AE1AB9}.Release|x64.ActiveCfg = Release|x64
		{D372A06C-F7BE-4AC0-8D2E-BC7152AE1AB9}.Release|x64.Build.0 = Release|x64
		{D372A06C-F7BE-4AC0-8D2E-BC7152AE1AB9}.Release|x86.ActiveCfg = Release|Win32
		{D372A06C-F7BE-4AC0-8D2E-BC7152AE1AB9}.Release|x86.Build.0 = Release|Win32
		{2762DDF1-A6FD-46B2-AA80-809DC9B22EB7}.Debug|x64.ActiveCfg = Debug|x64
		{2762DDF1-A6FD-46B2-AA80-809DC9B22EB7}.Debug|x64.Build.0 = Debug|x64
		{2762DDF1-A6FD-46B2-AA80-809DC9B22EB7}.Debug|x86.ActiveCfg = Debug|Win32
		{2762DDF1-A6FD-46B2-AA80-809DC9B22EB7}.Debug|x86.Build.0 = Debug|Win32
		{2762DDF1-A6FD-46B2-AA80-809DC9B22EB7}.Release|x64.ActiveCfg = Release|x64
		{2762DDF1-A6FD-46B2-AA80-809DC9B22EB7}.Release|x64.Build.0 = Release|x64
		{2762DDF1-A6FD-46B2-AA80-809DC9B22EB7}.Release|x86.ActiveCfg = Release|Win32
		{2762DDF1-A6FD-46B2-AA80-809DC9B22EB7}.Release|x86.Build.0 = Release|Win32
		{9EDF0305-95E8-41B1-B620-A24A932CDC1D}.Debug|x64.ActiveCfg = Debug|x64
		{9EDF0305-95E8-41B1-B620-A24A932CDC1D}.Debug|x64.Build.0 = Debug|x64
		{9EDF0305-95E8-41B1-B620-A24A932CDC1D}.Debug|x86.ActiveCfg = Debug|Win32
		{9EDF0305-95E8-41B1-B620-A24A932CDC1D}.Debug|x86.Build.0 = Debug|Win32
		{9EDF0305-95E8-41B1-B620-A24A932CDC1D}.Release|x64.ActiveCfg = Release|x64
		{9EDF0305-95E8-41B1-B620-A24A932CDC1D}.Release|x64.Build.0 = Release|x64
		{9EDF0305-95E8-41B1-B620-A24A932CDC1D}.Release|x86.ActiveCfg = Release|Win32
		{9EDF0305-95E8-41B1-B620-A24A932CDC1D}.Release|x86.Build.0 = Release|Win32
		{C90969E2-3BBF-49E0-A203-D7900A85A773}.Debug|x64.ActiveCfg = Debug|x64
		{C90969E2-3BBF-49E0-A203-D7900A85A773}.Debug|x64.Build.0 = Debug|x64
		{C90969E2-3BBF-49E0-A203-D7900A85A773}.Debug|x86.ActiveCfg = Debug|Win32
		{C90969E2-3BBF-49E0-A203-D7900A85A773}.Debug|x86.Build.0 = Debug|Win32
		{C90969E2-3BBF-49E0-A203-D7900A85A773}.Release|x64.ActiveCfg = Release|x64
		{C90969E2-3BBF-49E0-A203-D7900A85A773}.Release|x64.Build.0 = Release|x64
		{C90969E2-3BBF-49E0-A203-D7900A85A773}.Release|x86.ActiveCfg = Release|Win32
		{C90969E2-3BBF-49E0-A203-D7900A85A773}.Release|x86.Build.0 = Release|Win32
		{02769D73-649B-4743-B88E-E7D33905EB51}.Debug|x64.ActiveCfg = Debug|x64
		{02769D73-649B-4743-B88E-E7D33905EB51}.Debug|x64.Build.0 = Debug|x64
		{02769D73-649B-4743-B88E-E7D33905EB51}.Debug|x86.ActiveCfg = Debug|Win32
		{02769D73-649B-4743-B88E-E7D33905EB51}.Debug|x86.Build.0 = Debug|Win32
		{02769D73-649B-4743-B88E-E7D33905EB51}.Release|x64.ActiveCfg = Release|x64
		{02769D73-649B-4743-B88E-E7D33905EB51}.Release|x64.Build.0 = Release|x64
		{02769D73-649B-4743-B88E-E7D33905EB51}.Release|x86.ActiveCfg = Release|Win32
		{02769D73-649B-4743-B88E-E7D33905EB51}.Release|x86.Build.0 = Release|Win32
		{85A8D94B-85C1-4674-940C-8F335F137E4D}.Debug|x64.ActiveCfg = Debug|x64
		{85A8D94B-85C1-4674-940C-8F335F137E4D}.Debug|x64.Build.0 = Debug|x64
		{85A8D94B-85C1-4674-940C-8F335F137E4D}.Debug|x86.ActiveCfg = Debug|Win32
		{85A8D94B-85C1-4674-940C-8F335F137E4D}.Debug|x86.Build.0 = Debug|Win32
		{85A8D94B-85C1-4674-940C-8F335F137E4D}.Release|x64.ActiveCfg = Release|x64
		{85A8D94B-85C1-4674-940C-8F335F137E4D}.Release|x64.Build.0 = Release|x64
		{85A8D94B-85C1-4674-940C-8F335F137E4D}.Release|x86.ActiveCfg = Release|Win32
		{85A8D94B-85C1-4674-940C-8F335F137E4D}.Release|x86.Build.0 = Release|Win32
		{A975A3D8-249A-4EBA-9716-C77C219D40E6}.Debug|x64.ActiveCfg = Debug|x64
		{A975A3D8-249A-4EBA-9716-C77C219D40E6}.Debug|x64.Build.0 = Debug|x64
		{A975A3D8-249A-4EBA-9716-C77C219D40E6}.Debug|x86.ActiveCfg = Debug|Win32
		{A975A3D8-249A-4EBA-9716-C77C219D40E6}.Debug|x86.Build.0 = Debug|Win32
		{A975A3D8-249A-4EBA-9716-C77C219D40E6}.Release|x64.ActiveCfg = Release|x64
		{A975A3D8-249A-4EBA-9716-C77C219D40E6}.Release|x64.Build.0 = Release|x64
		{A975A3D8-249A-4EBA-9716-C77C219D40E6}.Release|x86.ActiveCfg = Release|Win32
		{A975A3D8-249A-4EBA-9716-C77C219D40E6}.Release|x86.Build.0 = Release|Win32
		{4AEFC65F-106F-4C2A-AA0A-F5FCA2108978}.Debug|x64.ActiveCfg = Debug|x64
		{4AEFC65F-106F-4C2A-AA0A-F5FCA2108978}.Debug|x64.Build.0 = Debug|x64
		{4AEFC65F-106F-4C2A-AA0A-F5FCA2108978}.Debug|x86.ActiveCfg = Debug|Win32
		{4AEFC65F-106F-4C2A-AA0A-F5FCA2108978}.Debug|x86.Build.0 = Debug|Win32
		{4AEFC65F-106F-4C2A-AA0A-F5FCA2108978}.Release|x64.ActiveCfg = Release|x64
		{4AEFC65F-106F-4C2A-AA0A-F5FCA2108978}.Release|x64.Build.0 = Release|x64
		{4AEFC65F-106F-4C2A-AA0A-F5FCA2108978}.Release|x86.ActiveCfg = Release|Win32
		{4AEFC65F-106F-4C2A-AA0A-F5FCA2108978}.Release|x86.Build.0 = Release|Win32
		{2985BCBC-760B-43B0-A2FD-659A56973CC2}.Debug|x64.ActiveCfg = Debug|x64
		{2985BCBC-760B-43B0-A2FD-659A56973CC2}.Debug|x64.Build.0 = Debug|x64
		{2985BCBC-760B-43B0-A2FD-659A56973CC2}.Debug|x86.ActiveCfg = Debug|Win32
		{2985BCBC-760B-43B0-A2FD-659A56973CC2}.Debug|x86.Build.0 = Debug|Win32
		{2985BCBC-760B-43B0-A2FD-659A56973CC2}.Release|x64.ActiveCfg = Release|x64
		{2985BCBC-760B-43B0-A2FD-659A56973CC2}.Release|x64.Build.0 = Release|x64
		{2985BCBC-760B-43B0-A2FD-659A56973CC2}.Release|x86.ActiveCfg = Release|Win32
		{2985BCBC-760B-43B0-A2FD-659A56973CC2}.Release|x86.Build.0 = Release|Win32
		{8746146C-B132-4518-B99E-1C7D265F4C7C}.Debug|x64.ActiveCfg = Debug|x64
		{8746146C-B132-4518-B99E-1C7D265F4C7C}.Debug|x64.Build.0 = Debug|x64
		{8746146C-B132-4518-B99E-1C7D265F4C7C}.Debug|x86.ActiveCfg = Debug|Win32
		{8746146C-B132-4518-B99E-1C7D265F4C7C}.Debug|x86.Build.0 = Debug|Win32
		{8746146C-B132-4518-B99E-1C7D265F4C7C}.Release|x64.ActiveCfg = Release|x64
		{8746146C-B132-4518-B99E-1C7D265F4C7C}.Release|x64.Build.0 = Release|x64
		{8746146C-B132-4518-B99E-1C7D265F4C7C}.Release|x86.ActiveCfg = Release|Win32
		{8746146C-B132-4518-B99E-1C7D265F4C7C}.Release|x86.Build.0 = Release|Win32
		{608ABB1B-1369-43E3-88AB-7958D79958E4}.Debug|x64.ActiveCfg = Debug|x64
		{608ABB1B-1369-43E3-88AB-7958D79958E4}.Debug|x64.Build.0 = Debug|x64
		{608ABB1B-1369-43E3-88AB-7958D79958E4}.Debug|x86.ActiveCfg = Debug|Win32
		{608ABB1B-1369-43E3-88AB-7958D79958E4}.Debug|x86.Build.0 = Debug|Win32
		{608ABB1B-1369-43E3-88AB-7958D79958E4}.Release|x64.ActiveCfg = Release|x64
		{608ABB1B-1369-43E3-88AB-7958D79958E4}.Release|x64.Build.0 = Release|x64
		{608ABB1B-1369-43E3-88AB-7958D79958E4}.Release|x86.ActiveCfg = Release|Win32
		{608ABB1B-1369-43E3-88AB-7958D79958E4}.Release|x86.Build.0 = Release|Win32
		{41C4D319-0E01-4F8C-9CDE-B9438AD09EED}.Debug|x64.ActiveCfg = Debug|x64
		{41C4D319-0E01-4F8C-9CDE-B9438AD09EED}.Debug|x64.Build.0 = Debug|x64
		{41C4D319-0E01-4F8C-9CDE-B9438AD09EED}.Debug|x86.ActiveCfg = Debug|Win32
		{41C4D319-0E01-4F8C-9CDE-B9438AD09EED}.Debug|x86.Build.0 = Debug|Win32
		{41C4D319-0E01-4F8C-9CDE-B9438AD09EED}.Release|x64.ActiveCfg = Release|x64
		{41C4D319-0E01-4F8C-9CDE-B9438AD09EED}.Release|x64.Build.0 = Release|x64
		{41C4D319-0E01-4F8C-9CDE-B9438AD09EED}.Release|x86.ActiveCfg = Release|Win32
		{41C4D319-0E01-4F8C-9CDE-B9438AD09EED}.Release|x86.Build.0 = Release|Win32
		{45B11EF1-CEEA-47BE-BB28-420BC9D23C5B}.Debug|x64.ActiveCfg = Debug|x64
		{45B11EF1-CEEA-47BE-BB28-420BC9D23C5B}.Debug|x64.Build.0 = Debug|x64
		{45B11EF1-CEEA-47BE-BB28-420BC9D23C5B}.Debug|x86.ActiveCfg = Debug|Win32
		{45B11EF1-CEEA-47BE-BB28-420BC9D23C5B}.Debug|x86.Build.0 = Debug|Win32
		{45B11EF1-CEEA-47BE-BB28-420BC9D23C5B}.Release|x64.ActiveCfg = Release|x64
		{45B11EF1-CEEA-47BE-BB28-420BC9D23C5B}.Release|x64.Build.0 = Release|x64
		{45B11EF1-CEEA-47BE-BB28-420BC9D23C5B}.Release|x86.ActiveCfg = Release|Win32
		{45B11EF1-CEEA-47BE-BB28-420BC9D23C5B}.Release|x86.Build.0 = Release|Win32
		{E7EE52DA-B0D9-448A-A6B2-14CCE33BEC74}.Debug|x64.ActiveCfg = Debug|x64
		{E7EE52DA-B0D9-448A-A6B2-14CCE33BEC74}.Debug|x64.Build.0 = Debug|x64
		{E7EE52DA-B0D9-448A-A6B2-14CCE33BEC74}.Debug|x86.ActiveCfg = Debug|Win32
		{E7EE52DA-B0D9-448A-A6B2-14CCE33BEC74}.Debug|x86.Build.0 = Debug|Win32
		{E7EE52DA-B0D9-448A-A6B2-14CCE33BEC74}.Release|x64.ActiveCfg = Release|x64
		{E7EE52DA-B0D9-448A-A6B2-14CCE33BEC74}.Release|x64.Build.0 = Release|x64
		{E7EE52DA-B0D9-448A-A6B2-14CCE33BEC74}.Release|x86.ActiveCfg = Release|Win32
		{E7EE52DA-B0D9-448A-A6B2-14CCE33BEC74}.Release|x86.Build.0 = Release|Win32
		{340E0C06-3C5A-4A2F-B78D-5F871878ED2D}.Debug|x64.ActiveCfg = Debug|x64
		{340E0C06-3C5A-4A2F-B78D-5F871878ED2D}.Debug|x64.Build.0 = Debug|x64
		{340E0C06-3C5A-4A2F-B78D-5F871878ED2D}.Debug|x86.ActiveCfg = Debug|Win32
		{340E0C06-3C5A-4A2F-B78D-5F871878ED2D}.Debug|x86.Build.0 = Debug|Win32
		{340E0C06-3C5A-4A2F-B78D-5F871878ED2D}.Release|x64.ActiveCfg = Release|x64
		{340E0C06-3C5A-4A2F-B78D-5F871878ED2D}.Release|x64.Build.0 = Release|x64
		{340E0C06-3C5A-4A2F-B78D-5F871878ED2D}.Release|x86.ActiveCfg = Release|Win32
		{340E0C06-3C5A-4A2F-B78D-5F871878ED2D}.Release|x86.Build.0 = Release|Win32
		{1EFEE265-8B59-45FD-92D8-3C2D91074C7B}.Debug|x64.ActiveCfg = Debug|x64
		{1EFEE265-8B59-45FD-92D8-3C2D91074C7B}.Debug|x64.Build.0 = Debug|x64
		{1EFEE265-8B59-45FD-92D8-3C2D91074C7B}.Debug|x86.ActiveCfg = Debug|Win32
		{1EFEE265-8B59-45FD-92D8-3C2D91074C7B}.Debug|x86.Build.0 = Debug|Win32
		{1EFEE265-8B59-45FD-92D8-3C2D91074C7B}.Release|x64.ActiveCfg = Release|x64
		{1EFEE265-8B59-45FD-92D8-3C2D91074C7B}.Release|x64.Build.0 = Release|x64
		{1EFEE265-8B59-45FD-92D8-3C2D91074C7B}.Release|x86.ActiveCfg = Release|Win32
		{1EFEE265-8B59-45FD-92D8-3C2D91074C7B}.Release|x86.Build.0 = Release|Win32
	EndGlobalSection
	GlobalSection(SolutionProperties) = preSolution
		HideSolutionNode = FALSE
	EndGlobalSection
	GlobalSection(ExtensibilityGlobals) = postSolution
		SolutionGuid = {7FDE7C4D-CC26-4670-A879-12E11D8B4F5F}
	EndGlobalSection
EndGlobal
