
Microsoft Visual Studio Solution File, Format Version 12.00
# Visual Studio Version 17
VisualStudioVersion = 17.10.34928.147
MinimumVisualStudioVersion = 10.0.40219.1
Project("{8BC9CEB8-8B4A-11D0-8D11-00A0C91BC942}") = "예제 6-1", "ch6 예제\ch6 예제.vcxproj", "{B113EEB2-41B8-4D73-A55D-22354B49D8A9}"
EndProject
Project("{8BC9CEB8-8B4A-11D0-8D11-00A0C91BC942}") = "예제 6-2", "예제 6-2\예제 6-2.vcxproj", "{147D22C8-F46E-4FF9-97D9-CCD42D769767}"
EndProject
Project("{8BC9CEB8-8B4A-11D0-8D11-00A0C91BC942}") = "예제 6-3", "예제 6-3\예제 6-3.vcxproj", "{1357E0D6-99BC-410C-A001-B93499A8B2FC}"
EndProject
Project("{8BC9CEB8-8B4A-11D0-8D11-00A0C91BC942}") = "예제 6-4", "예제 6-4\예제 6-4.vcxproj", "{DC18FCDF-579F-4999-AD5F-C8384763E343}"
EndProject
Project("{8BC9CEB8-8B4A-11D0-8D11-00A0C91BC942}") = "예제 6-5", "예제 6-5\예제 6-5.vcxproj", "{2555CCBB-E40B-4E9B-896F-5BF2D3F7498A}"
EndProject
Project("{8BC9CEB8-8B4A-11D0-8D11-00A0C91BC942}") = "예제 6-6", "예제 6-6\예제 6-6.vcxproj", "{92644E75-D03E-4EBF-B261-D8AB2D94C073}"
EndProject
Project("{8BC9CEB8-8B4A-11D0-8D11-00A0C91BC942}") = "예제 6-7", "예제 6-7\예제 6-7.vcxproj", "{AB3CDA3D-8D67-42AA-80B3-883FF8AAFE1A}"
EndProject
Project("{8BC9CEB8-8B4A-11D0-8D11-00A0C91BC942}") = "예제 6-8", "예제 6-8\예제 6-8.vcxproj", "{4EDA494D-238A-4BA8-A179-50B48BDD91F5}"
EndProject
Project("{8BC9CEB8-8B4A-11D0-8D11-00A0C91BC942}") = "예제 6-9", "예제 6-9\예제 6-9.vcxproj", "{DDBDFFCC-5594-456D-8378-82D6D40363EB}"
EndProject
Project("{8BC9CEB8-8B4A-11D0-8D11-00A0C91BC942}") = "예제 6-10", "예제 6-10\예제 6-10.vcxproj", "{9BC7FD64-E359-4BA2-9D66-DCA92D0EAE27}"
EndProject
Project("{8BC9CEB8-8B4A-11D0-8D11-00A0C91BC942}") = "예제 6-11", "예제 6-11\예제 6-11.vcxproj", "{7A667986-7F01-47C5-9E36-FD279583D96D}"
EndProject
Global
	GlobalSection(SolutionConfigurationPlatforms) = preSolution
		Debug|x64 = Debug|x64
		Debug|x86 = Debug|x86
		Release|x64 = Release|x64
		Release|x86 = Release|x86
	EndGlobalSection
	GlobalSection(ProjectConfigurationPlatforms) = postSolution
		{B113EEB2-41B8-4D73-A55D-22354B49D8A9}.Debug|x64.ActiveCfg = Debug|x64
		{B113EEB2-41B8-4D73-A55D-22354B49D8A9}.Debug|x64.Build.0 = Debug|x64
		{B113EEB2-41B8-4D73-A55D-22354B49D8A9}.Debug|x86.ActiveCfg = Debug|Win32
		{B113EEB2-41B8-4D73-A55D-22354B49D8A9}.Debug|x86.Build.0 = Debug|Win32
		{B113EEB2-41B8-4D73-A55D-22354B49D8A9}.Release|x64.ActiveCfg = Release|x64
		{B113EEB2-41B8-4D73-A55D-22354B49D8A9}.Release|x64.Build.0 = Release|x64
		{B113EEB2-41B8-4D73-A55D-22354B49D8A9}.Release|x86.ActiveCfg = Release|Win32
		{B113EEB2-41B8-4D73-A55D-22354B49D8A9}.Release|x86.Build.0 = Release|Win32
		{147D22C8-F46E-4FF9-97D9-CCD42D769767}.Debug|x64.ActiveCfg = Debug|x64
		{147D22C8-F46E-4FF9-97D9-CCD42D769767}.Debug|x64.Build.0 = Debug|x64
		{147D22C8-F46E-4FF9-97D9-CCD42D769767}.Debug|x86.ActiveCfg = Debug|Win32
		{147D22C8-F46E-4FF9-97D9-CCD42D769767}.Debug|x86.Build.0 = Debug|Win32
		{147D22C8-F46E-4FF9-97D9-CCD42D769767}.Release|x64.ActiveCfg = Release|x64
		{147D22C8-F46E-4FF9-97D9-CCD42D769767}.Release|x64.Build.0 = Release|x64
		{147D22C8-F46E-4FF9-97D9-CCD42D769767}.Release|x86.ActiveCfg = Release|Win32
		{147D22C8-F46E-4FF9-97D9-CCD42D769767}.Release|x86.Build.0 = Release|Win32
		{1357E0D6-99BC-410C-A001-B93499A8B2FC}.Debug|x64.ActiveCfg = Debug|x64
		{1357E0D6-99BC-410C-A001-B93499A8B2FC}.Debug|x64.Build.0 = Debug|x64
		{1357E0D6-99BC-410C-A001-B93499A8B2FC}.Debug|x86.ActiveCfg = Debug|Win32
		{1357E0D6-99BC-410C-A001-B93499A8B2FC}.Debug|x86.Build.0 = Debug|Win32
		{1357E0D6-99BC-410C-A001-B93499A8B2FC}.Release|x64.ActiveCfg = Release|x64
		{1357E0D6-99BC-410C-A001-B93499A8B2FC}.Release|x64.Build.0 = Release|x64
		{1357E0D6-99BC-410C-A001-B93499A8B2FC}.Release|x86.ActiveCfg = Release|Win32
		{1357E0D6-99BC-410C-A001-B93499A8B2FC}.Release|x86.Build.0 = Release|Win32
		{DC18FCDF-579F-4999-AD5F-C8384763E343}.Debug|x64.ActiveCfg = Debug|x64
		{DC18FCDF-579F-4999-AD5F-C8384763E343}.Debug|x64.Build.0 = Debug|x64
		{DC18FCDF-579F-4999-AD5F-C8384763E343}.Debug|x86.ActiveCfg = Debug|Win32
		{DC18FCDF-579F-4999-AD5F-C8384763E343}.Debug|x86.Build.0 = Debug|Win32
		{DC18FCDF-579F-4999-AD5F-C8384763E343}.Release|x64.ActiveCfg = Release|x64
		{DC18FCDF-579F-4999-AD5F-C8384763E343}.Release|x64.Build.0 = Release|x64
		{DC18FCDF-579F-4999-AD5F-C8384763E343}.Release|x86.ActiveCfg = Release|Win32
		{DC18FCDF-579F-4999-AD5F-C8384763E343}.Release|x86.Build.0 = Release|Win32
		{2555CCBB-E40B-4E9B-896F-5BF2D3F7498A}.Debug|x64.ActiveCfg = Debug|x64
		{2555CCBB-E40B-4E9B-896F-5BF2D3F7498A}.Debug|x64.Build.0 = Debug|x64
		{2555CCBB-E40B-4E9B-896F-5BF2D3F7498A}.Debug|x86.ActiveCfg = Debug|Win32
		{2555CCBB-E40B-4E9B-896F-5BF2D3F7498A}.Debug|x86.Build.0 = Debug|Win32
		{2555CCBB-E40B-4E9B-896F-5BF2D3F7498A}.Release|x64.ActiveCfg = Release|x64
		{2555CCBB-E40B-4E9B-896F-5BF2D3F7498A}.Release|x64.Build.0 = Release|x64
		{2555CCBB-E40B-4E9B-896F-5BF2D3F7498A}.Release|x86.ActiveCfg = Release|Win32
		{2555CCBB-E40B-4E9B-896F-5BF2D3F7498A}.Release|x86.Build.0 = Release|Win32
		{92644E75-D03E-4EBF-B261-D8AB2D94C073}.Debug|x64.ActiveCfg = Debug|x64
		{92644E75-D03E-4EBF-B261-D8AB2D94C073}.Debug|x64.Build.0 = Debug|x64
		{92644E75-D03E-4EBF-B261-D8AB2D94C073}.Debug|x86.ActiveCfg = Debug|Win32
		{92644E75-D03E-4EBF-B261-D8AB2D94C073}.Debug|x86.Build.0 = Debug|Win32
		{92644E75-D03E-4EBF-B261-D8AB2D94C073}.Release|x64.ActiveCfg = Release|x64
		{92644E75-D03E-4EBF-B261-D8AB2D94C073}.Release|x64.Build.0 = Release|x64
		{92644E75-D03E-4EBF-B261-D8AB2D94C073}.Release|x86.ActiveCfg = Release|Win32
		{92644E75-D03E-4EBF-B261-D8AB2D94C073}.Release|x86.Build.0 = Release|Win32
		{AB3CDA3D-8D67-42AA-80B3-883FF8AAFE1A}.Debug|x64.ActiveCfg = Debug|x64
		{AB3CDA3D-8D67-42AA-80B3-883FF8AAFE1A}.Debug|x64.Build.0 = Debug|x64
		{AB3CDA3D-8D67-42AA-80B3-883FF8AAFE1A}.Debug|x86.ActiveCfg = Debug|Win32
		{AB3CDA3D-8D67-42AA-80B3-883FF8AAFE1A}.Debug|x86.Build.0 = Debug|Win32
		{AB3CDA3D-8D67-42AA-80B3-883FF8AAFE1A}.Release|x64.ActiveCfg = Release|x64
		{AB3CDA3D-8D67-42AA-80B3-883FF8AAFE1A}.Release|x64.Build.0 = Release|x64
		{AB3CDA3D-8D67-42AA-80B3-883FF8AAFE1A}.Release|x86.ActiveCfg = Release|Win32
		{AB3CDA3D-8D67-42AA-80B3-883FF8AAFE1A}.Release|x86.Build.0 = Release|Win32
		{4EDA494D-238A-4BA8-A179-50B48BDD91F5}.Debug|x64.ActiveCfg = Debug|x64
		{4EDA494D-238A-4BA8-A179-50B48BDD91F5}.Debug|x64.Build.0 = Debug|x64
		{4EDA494D-238A-4BA8-A179-50B48BDD91F5}.Debug|x86.ActiveCfg = Debug|Win32
		{4EDA494D-238A-4BA8-A179-50B48BDD91F5}.Debug|x86.Build.0 = Debug|Win32
		{4EDA494D-238A-4BA8-A179-50B48BDD91F5}.Release|x64.ActiveCfg = Release|x64
		{4EDA494D-238A-4BA8-A179-50B48BDD91F5}.Release|x64.Build.0 = Release|x64
		{4EDA494D-238A-4BA8-A179-50B48BDD91F5}.Release|x86.ActiveCfg = Release|Win32
		{4EDA494D-238A-4BA8-A179-50B48BDD91F5}.Release|x86.Build.0 = Release|Win32
		{DDBDFFCC-5594-456D-8378-82D6D40363EB}.Debug|x64.ActiveCfg = Debug|x64
		{DDBDFFCC-5594-456D-8378-82D6D40363EB}.Debug|x64.Build.0 = Debug|x64
		{DDBDFFCC-5594-456D-8378-82D6D40363EB}.Debug|x86.ActiveCfg = Debug|Win32
		{DDBDFFCC-5594-456D-8378-82D6D40363EB}.Debug|x86.Build.0 = Debug|Win32
		{DDBDFFCC-5594-456D-8378-82D6D40363EB}.Release|x64.ActiveCfg = Release|x64
		{DDBDFFCC-5594-456D-8378-82D6D40363EB}.Release|x64.Build.0 = Release|x64
		{DDBDFFCC-5594-456D-8378-82D6D40363EB}.Release|x86.ActiveCfg = Release|Win32
		{DDBDFFCC-5594-456D-8378-82D6D40363EB}.Release|x86.Build.0 = Release|Win32
		{9BC7FD64-E359-4BA2-9D66-DCA92D0EAE27}.Debug|x64.ActiveCfg = Debug|x64
		{9BC7FD64-E359-4BA2-9D66-DCA92D0EAE27}.Debug|x64.Build.0 = Debug|x64
		{9BC7FD64-E359-4BA2-9D66-DCA92D0EAE27}.Debug|x86.ActiveCfg = Debug|Win32
		{9BC7FD64-E359-4BA2-9D66-DCA92D0EAE27}.Debug|x86.Build.0 = Debug|Win32
		{9BC7FD64-E359-4BA2-9D66-DCA92D0EAE27}.Release|x64.ActiveCfg = Release|x64
		{9BC7FD64-E359-4BA2-9D66-DCA92D0EAE27}.Release|x64.Build.0 = Release|x64
		{9BC7FD64-E359-4BA2-9D66-DCA92D0EAE27}.Release|x86.ActiveCfg = Release|Win32
		{9BC7FD64-E359-4BA2-9D66-DCA92D0EAE27}.Release|x86.Build.0 = Release|Win32
		{7A667986-7F01-47C5-9E36-FD279583D96D}.Debug|x64.ActiveCfg = Debug|x64
		{7A667986-7F01-47C5-9E36-FD279583D96D}.Debug|x64.Build.0 = Debug|x64
		{7A667986-7F01-47C5-9E36-FD279583D96D}.Debug|x86.ActiveCfg = Debug|Win32
		{7A667986-7F01-47C5-9E36-FD279583D96D}.Debug|x86.Build.0 = Debug|Win32
		{7A667986-7F01-47C5-9E36-FD279583D96D}.Release|x64.ActiveCfg = Release|x64
		{7A667986-7F01-47C5-9E36-FD279583D96D}.Release|x64.Build.0 = Release|x64
		{7A667986-7F01-47C5-9E36-FD279583D96D}.Release|x86.ActiveCfg = Release|Win32
		{7A667986-7F01-47C5-9E36-FD279583D96D}.Release|x86.Build.0 = Release|Win32
	EndGlobalSection
	GlobalSection(SolutionProperties) = preSolution
		HideSolutionNode = FALSE
	EndGlobalSection
	GlobalSection(ExtensibilityGlobals) = postSolution
		SolutionGuid = {604E5076-147E-436A-8220-3C33924C4A6E}
	EndGlobalSection
EndGlobal
