
Microsoft Visual Studio Solution File, Format Version 12.00
# Visual Studio Version 17
VisualStudioVersion = 17.10.34928.147
MinimumVisualStudioVersion = 10.0.40219.1
Project("{8BC9CEB8-8B4A-11D0-8D11-00A0C91BC942}") = "7-1", "ch7 예제\ch7 예제.vcxproj", "{3B228DDF-9D0E-465E-81D9-17A0E6C61195}"
EndProject
Project("{8BC9CEB8-8B4A-11D0-8D11-00A0C91BC942}") = "7-2", "7-2\7-2.vcxproj", "{672C4D6D-6617-40A4-8796-64F2D1E2B8C1}"
EndProject
Project("{8BC9CEB8-8B4A-11D0-8D11-00A0C91BC942}") = "7-3", "7-3\7-3.vcxproj", "{8F82E600-D57E-408F-8B59-BDB180BC86D3}"
EndProject
Project("{8BC9CEB8-8B4A-11D0-8D11-00A0C91BC942}") = "7-4", "7-4\7-4.vcxproj", "{3194D52C-EB2E-4138-B112-9E957CF51BE2}"
EndProject
Project("{8BC9CEB8-8B4A-11D0-8D11-00A0C91BC942}") = "7-5", "7-5\7-5.vcxproj", "{92C08C46-CF3F-4CC3-80EA-8A417CB227A9}"
EndProject
Project("{8BC9CEB8-8B4A-11D0-8D11-00A0C91BC942}") = "7-6", "7-6\7-6.vcxproj", "{2D5B3716-EF64-46E5-A3E2-59C8288A7FEE}"
EndProject
Project("{8BC9CEB8-8B4A-11D0-8D11-00A0C91BC942}") = "7-7", "7-7\7-7.vcxproj", "{E1AF14A2-8935-4265-BD60-7F6073751AF7}"
EndProject
Project("{8BC9CEB8-8B4A-11D0-8D11-00A0C91BC942}") = "7-8", "7-8\7-8.vcxproj", "{2B7E73ED-BFB9-46E1-AB19-82F8B5BAFFBD}"
EndProject
Project("{8BC9CEB8-8B4A-11D0-8D11-00A0C91BC942}") = "7-9", "7-9\7-9.vcxproj", "{113CE9A8-7414-4D0A-B011-9FF920316A0B}"
EndProject
Project("{8BC9CEB8-8B4A-11D0-8D11-00A0C91BC942}") = "7-10", "7-10\7-10.vcxproj", "{5D0FC93B-BDA9-492D-98C0-F6064BCD3891}"
EndProject
Project("{8BC9CEB8-8B4A-11D0-8D11-00A0C91BC942}") = "7-11", "7-11\7-11.vcxproj", "{4CEFC9B7-1EED-46BB-8EE3-48EB7ECA0279}"
EndProject
Project("{8BC9CEB8-8B4A-11D0-8D11-00A0C91BC942}") = "7-12", "7-12\7-12.vcxproj", "{BCD797CA-07FE-4430-8B5A-9435FEA1B46A}"
EndProject
Project("{8BC9CEB8-8B4A-11D0-8D11-00A0C91BC942}") = "7-13", "7-13\7-13.vcxproj", "{3688291D-EAA9-4B7B-BE6F-FFB43E030958}"
EndProject
Project("{8BC9CEB8-8B4A-11D0-8D11-00A0C91BC942}") = "7-14", "7-14\7-14.vcxproj", "{8658CAB9-AC19-4F13-A08C-BDD70B47A9CD}"
EndProject
Global
	GlobalSection(SolutionConfigurationPlatforms) = preSolution
		Debug|x64 = Debug|x64
		Debug|x86 = Debug|x86
		Release|x64 = Release|x64
		Release|x86 = Release|x86
	EndGlobalSection
	GlobalSection(ProjectConfigurationPlatforms) = postSolution
		{3B228DDF-9D0E-465E-81D9-17A0E6C61195}.Debug|x64.ActiveCfg = Debug|x64
		{3B228DDF-9D0E-465E-81D9-17A0E6C61195}.Debug|x64.Build.0 = Debug|x64
		{3B228DDF-9D0E-465E-81D9-17A0E6C61195}.Debug|x86.ActiveCfg = Debug|Win32
		{3B228DDF-9D0E-465E-81D9-17A0E6C61195}.Debug|x86.Build.0 = Debug|Win32
		{3B228DDF-9D0E-465E-81D9-17A0E6C61195}.Release|x64.ActiveCfg = Release|x64
		{3B228DDF-9D0E-465E-81D9-17A0E6C61195}.Release|x64.Build.0 = Release|x64
		{3B228DDF-9D0E-465E-81D9-17A0E6C61195}.Release|x86.ActiveCfg = Release|Win32
		{3B228DDF-9D0E-465E-81D9-17A0E6C61195}.Release|x86.Build.0 = Release|Win32
		{672C4D6D-6617-40A4-8796-64F2D1E2B8C1}.Debug|x64.ActiveCfg = Debug|x64
		{672C4D6D-6617-40A4-8796-64F2D1E2B8C1}.Debug|x64.Build.0 = Debug|x64
		{672C4D6D-6617-40A4-8796-64F2D1E2B8C1}.Debug|x86.ActiveCfg = Debug|Win32
		{672C4D6D-6617-40A4-8796-64F2D1E2B8C1}.Debug|x86.Build.0 = Debug|Win32
		{672C4D6D-6617-40A4-8796-64F2D1E2B8C1}.Release|x64.ActiveCfg = Release|x64
		{672C4D6D-6617-40A4-8796-64F2D1E2B8C1}.Release|x64.Build.0 = Release|x64
		{672C4D6D-6617-40A4-8796-64F2D1E2B8C1}.Release|x86.ActiveCfg = Release|Win32
		{672C4D6D-6617-40A4-8796-64F2D1E2B8C1}.Release|x86.Build.0 = Release|Win32
		{8F82E600-D57E-408F-8B59-BDB180BC86D3}.Debug|x64.ActiveCfg = Debug|x64
		{8F82E600-D57E-408F-8B59-BDB180BC86D3}.Debug|x64.Build.0 = Debug|x64
		{8F82E600-D57E-408F-8B59-BDB180BC86D3}.Debug|x86.ActiveCfg = Debug|Win32
		{8F82E600-D57E-408F-8B59-BDB180BC86D3}.Debug|x86.Build.0 = Debug|Win32
		{8F82E600-D57E-408F-8B59-BDB180BC86D3}.Release|x64.ActiveCfg = Release|x64
		{8F82E600-D57E-408F-8B59-BDB180BC86D3}.Release|x64.Build.0 = Release|x64
		{8F82E600-D57E-408F-8B59-BDB180BC86D3}.Release|x86.ActiveCfg = Release|Win32
		{8F82E600-D57E-408F-8B59-BDB180BC86D3}.Release|x86.Build.0 = Release|Win32
		{3194D52C-EB2E-4138-B112-9E957CF51BE2}.Debug|x64.ActiveCfg = Debug|x64
		{3194D52C-EB2E-4138-B112-9E957CF51BE2}.Debug|x64.Build.0 = Debug|x64
		{3194D52C-EB2E-4138-B112-9E957CF51BE2}.Debug|x86.ActiveCfg = Debug|Win32
		{3194D52C-EB2E-4138-B112-9E957CF51BE2}.Debug|x86.Build.0 = Debug|Win32
		{3194D52C-EB2E-4138-B112-9E957CF51BE2}.Release|x64.ActiveCfg = Release|x64
		{3194D52C-EB2E-4138-B112-9E957CF51BE2}.Release|x64.Build.0 = Release|x64
		{3194D52C-EB2E-4138-B112-9E957CF51BE2}.Release|x86.ActiveCfg = Release|Win32
		{3194D52C-EB2E-4138-B112-9E957CF51BE2}.Release|x86.Build.0 = Release|Win32
		{92C08C46-CF3F-4CC3-80EA-8A417CB227A9}.Debug|x64.ActiveCfg = Debug|x64
		{92C08C46-CF3F-4CC3-80EA-8A417CB227A9}.Debug|x64.Build.0 = Debug|x64
		{92C08C46-CF3F-4CC3-80EA-8A417CB227A9}.Debug|x86.ActiveCfg = Debug|Win32
		{92C08C46-CF3F-4CC3-80EA-8A417CB227A9}.Debug|x86.Build.0 = Debug|Win32
		{92C08C46-CF3F-4CC3-80EA-8A417CB227A9}.Release|x64.ActiveCfg = Release|x64
		{92C08C46-CF3F-4CC3-80EA-8A417CB227A9}.Release|x64.Build.0 = Release|x64
		{92C08C46-CF3F-4CC3-80EA-8A417CB227A9}.Release|x86.ActiveCfg = Release|Win32
		{92C08C46-CF3F-4CC3-80EA-8A417CB227A9}.Release|x86.Build.0 = Release|Win32
		{2D5B3716-EF64-46E5-A3E2-59C8288A7FEE}.Debug|x64.ActiveCfg = Debug|x64
		{2D5B3716-EF64-46E5-A3E2-59C8288A7FEE}.Debug|x64.Build.0 = Debug|x64
		{2D5B3716-EF64-46E5-A3E2-59C8288A7FEE}.Debug|x86.ActiveCfg = Debug|Win32
		{2D5B3716-EF64-46E5-A3E2-59C8288A7FEE}.Debug|x86.Build.0 = Debug|Win32
		{2D5B3716-EF64-46E5-A3E2-59C8288A7FEE}.Release|x64.ActiveCfg = Release|x64
		{2D5B3716-EF64-46E5-A3E2-59C8288A7FEE}.Release|x64.Build.0 = Release|x64
		{2D5B3716-EF64-46E5-A3E2-59C8288A7FEE}.Release|x86.ActiveCfg = Release|Win32
		{2D5B3716-EF64-46E5-A3E2-59C8288A7FEE}.Release|x86.Build.0 = Release|Win32
		{E1AF14A2-8935-4265-BD60-7F6073751AF7}.Debug|x64.ActiveCfg = Debug|x64
		{E1AF14A2-8935-4265-BD60-7F6073751AF7}.Debug|x64.Build.0 = Debug|x64
		{E1AF14A2-8935-4265-BD60-7F6073751AF7}.Debug|x86.ActiveCfg = Debug|Win32
		{E1AF14A2-8935-4265-BD60-7F6073751AF7}.Debug|x86.Build.0 = Debug|Win32
		{E1AF14A2-8935-4265-BD60-7F6073751AF7}.Release|x64.ActiveCfg = Release|x64
		{E1AF14A2-8935-4265-BD60-7F6073751AF7}.Release|x64.Build.0 = Release|x64
		{E1AF14A2-8935-4265-BD60-7F6073751AF7}.Release|x86.ActiveCfg = Release|Win32
		{E1AF14A2-8935-4265-BD60-7F6073751AF7}.Release|x86.Build.0 = Release|Win32
		{2B7E73ED-BFB9-46E1-AB19-82F8B5BAFFBD}.Debug|x64.ActiveCfg = Debug|x64
		{2B7E73ED-BFB9-46E1-AB19-82F8B5BAFFBD}.Debug|x64.Build.0 = Debug|x64
		{2B7E73ED-BFB9-46E1-AB19-82F8B5BAFFBD}.Debug|x86.ActiveCfg = Debug|Win32
		{2B7E73ED-BFB9-46E1-AB19-82F8B5BAFFBD}.Debug|x86.Build.0 = Debug|Win32
		{2B7E73ED-BFB9-46E1-AB19-82F8B5BAFFBD}.Release|x64.ActiveCfg = Release|x64
		{2B7E73ED-BFB9-46E1-AB19-82F8B5BAFFBD}.Release|x64.Build.0 = Release|x64
		{2B7E73ED-BFB9-46E1-AB19-82F8B5BAFFBD}.Release|x86.ActiveCfg = Release|Win32
		{2B7E73ED-BFB9-46E1-AB19-82F8B5BAFFBD}.Release|x86.Build.0 = Release|Win32
		{113CE9A8-7414-4D0A-B011-9FF920316A0B}.Debug|x64.ActiveCfg = Debug|x64
		{113CE9A8-7414-4D0A-B011-9FF920316A0B}.Debug|x64.Build.0 = Debug|x64
		{113CE9A8-7414-4D0A-B011-9FF920316A0B}.Debug|x86.ActiveCfg = Debug|Win32
		{113CE9A8-7414-4D0A-B011-9FF920316A0B}.Debug|x86.Build.0 = Debug|Win32
		{113CE9A8-7414-4D0A-B011-9FF920316A0B}.Release|x64.ActiveCfg = Release|x64
		{113CE9A8-7414-4D0A-B011-9FF920316A0B}.Release|x64.Build.0 = Release|x64
		{113CE9A8-7414-4D0A-B011-9FF920316A0B}.Release|x86.ActiveCfg = Release|Win32
		{113CE9A8-7414-4D0A-B011-9FF920316A0B}.Release|x86.Build.0 = Release|Win32
		{5D0FC93B-BDA9-492D-98C0-F6064BCD3891}.Debug|x64.ActiveCfg = Debug|x64
		{5D0FC93B-BDA9-492D-98C0-F6064BCD3891}.Debug|x64.Build.0 = Debug|x64
		{5D0FC93B-BDA9-492D-98C0-F6064BCD3891}.Debug|x86.ActiveCfg = Debug|Win32
		{5D0FC93B-BDA9-492D-98C0-F6064BCD3891}.Debug|x86.Build.0 = Debug|Win32
		{5D0FC93B-BDA9-492D-98C0-F6064BCD3891}.Release|x64.ActiveCfg = Release|x64
		{5D0FC93B-BDA9-492D-98C0-F6064BCD3891}.Release|x64.Build.0 = Release|x64
		{5D0FC93B-BDA9-492D-98C0-F6064BCD3891}.Release|x86.ActiveCfg = Release|Win32
		{5D0FC93B-BDA9-492D-98C0-F6064BCD3891}.Release|x86.Build.0 = Release|Win32
		{4CEFC9B7-1EED-46BB-8EE3-48EB7ECA0279}.Debug|x64.ActiveCfg = Debug|x64
		{4CEFC9B7-1EED-46BB-8EE3-48EB7ECA0279}.Debug|x64.Build.0 = Debug|x64
		{4CEFC9B7-1EED-46BB-8EE3-48EB7ECA0279}.Debug|x86.ActiveCfg = Debug|Win32
		{4CEFC9B7-1EED-46BB-8EE3-48EB7ECA0279}.Debug|x86.Build.0 = Debug|Win32
		{4CEFC9B7-1EED-46BB-8EE3-48EB7ECA0279}.Release|x64.ActiveCfg = Release|x64
		{4CEFC9B7-1EED-46BB-8EE3-48EB7ECA0279}.Release|x64.Build.0 = Release|x64
		{4CEFC9B7-1EED-46BB-8EE3-48EB7ECA0279}.Release|x86.ActiveCfg = Release|Win32
		{4CEFC9B7-1EED-46BB-8EE3-48EB7ECA0279}.Release|x86.Build.0 = Release|Win32
		{BCD797CA-07FE-4430-8B5A-9435FEA1B46A}.Debug|x64.ActiveCfg = Debug|x64
		{BCD797CA-07FE-4430-8B5A-9435FEA1B46A}.Debug|x64.Build.0 = Debug|x64
		{BCD797CA-07FE-4430-8B5A-9435FEA1B46A}.Debug|x86.ActiveCfg = Debug|Win32
		{BCD797CA-07FE-4430-8B5A-9435FEA1B46A}.Debug|x86.Build.0 = Debug|Win32
		{BCD797CA-07FE-4430-8B5A-9435FEA1B46A}.Release|x64.ActiveCfg = Release|x64
		{BCD797CA-07FE-4430-8B5A-9435FEA1B46A}.Release|x64.Build.0 = Release|x64
		{BCD797CA-07FE-4430-8B5A-9435FEA1B46A}.Release|x86.ActiveCfg = Release|Win32
		{BCD797CA-07FE-4430-8B5A-9435FEA1B46A}.Release|x86.Build.0 = Release|Win32
		{3688291D-EAA9-4B7B-BE6F-FFB43E030958}.Debug|x64.ActiveCfg = Debug|x64
		{3688291D-EAA9-4B7B-BE6F-FFB43E030958}.Debug|x64.Build.0 = Debug|x64
		{3688291D-EAA9-4B7B-BE6F-FFB43E030958}.Debug|x86.ActiveCfg = Debug|Win32
		{3688291D-EAA9-4B7B-BE6F-FFB43E030958}.Debug|x86.Build.0 = Debug|Win32
		{3688291D-EAA9-4B7B-BE6F-FFB43E030958}.Release|x64.ActiveCfg = Release|x64
		{3688291D-EAA9-4B7B-BE6F-FFB43E030958}.Release|x64.Build.0 = Release|x64
		{3688291D-EAA9-4B7B-BE6F-FFB43E030958}.Release|x86.ActiveCfg = Release|Win32
		{3688291D-EAA9-4B7B-BE6F-FFB43E030958}.Release|x86.Build.0 = Release|Win32
		{8658CAB9-AC19-4F13-A08C-BDD70B47A9CD}.Debug|x64.ActiveCfg = Debug|x64
		{8658CAB9-AC19-4F13-A08C-BDD70B47A9CD}.Debug|x64.Build.0 = Debug|x64
		{8658CAB9-AC19-4F13-A08C-BDD70B47A9CD}.Debug|x86.ActiveCfg = Debug|Win32
		{8658CAB9-AC19-4F13-A08C-BDD70B47A9CD}.Debug|x86.Build.0 = Debug|Win32
		{8658CAB9-AC19-4F13-A08C-BDD70B47A9CD}.Release|x64.ActiveCfg = Release|x64
		{8658CAB9-AC19-4F13-A08C-BDD70B47A9CD}.Release|x64.Build.0 = Release|x64
		{8658CAB9-AC19-4F13-A08C-BDD70B47A9CD}.Release|x86.ActiveCfg = Release|Win32
		{8658CAB9-AC19-4F13-A08C-BDD70B47A9CD}.Release|x86.Build.0 = Release|Win32
	EndGlobalSection
	GlobalSection(SolutionProperties) = preSolution
		HideSolutionNode = FALSE
	EndGlobalSection
	GlobalSection(ExtensibilityGlobals) = postSolution
		SolutionGuid = {2D2B4505-AE12-432B-B261-9C2131F0E1B8}
	EndGlobalSection
EndGlobal
