
Microsoft Visual Studio Solution File, Format Version 12.00
# Visual Studio Version 17
VisualStudioVersion = 17.10.34928.147
MinimumVisualStudioVersion = 10.0.40219.1
Project("{8BC9CEB8-8B4A-11D0-8D11-00A0C91BC942}") = "1번", "1번\1번.vcxproj", "{2E795543-B368-452A-9E99-D245A40060D3}"
EndProject
Project("{8BC9CEB8-8B4A-11D0-8D11-00A0C91BC942}") = "3번", "3번\3번.vcxproj", "{6267DDCD-E7E7-428C-9BC7-32961C31D0BB}"
EndProject
Project("{8BC9CEB8-8B4A-11D0-8D11-00A0C91BC942}") = "5번", "5번\5번.vcxproj", "{E1C6AC8A-A3FE-407D-A6C1-549C4ABD776D}"
EndProject
Project("{8BC9CEB8-8B4A-11D0-8D11-00A0C91BC942}") = "7번", "7번\7번.vcxproj", "{A2340255-61D4-4DE3-BE27-E442BC5F5AB5}"
EndProject
Global
	GlobalSection(SolutionConfigurationPlatforms) = preSolution
		Debug|x64 = Debug|x64
		Debug|x86 = Debug|x86
		Release|x64 = Release|x64
		Release|x86 = Release|x86
	EndGlobalSection
	GlobalSection(ProjectConfigurationPlatforms) = postSolution
		{2E795543-B368-452A-9E99-D245A40060D3}.Debug|x64.ActiveCfg = Debug|x64
		{2E795543-B368-452A-9E99-D245A40060D3}.Debug|x64.Build.0 = Debug|x64
		{2E795543-B368-452A-9E99-D245A40060D3}.Debug|x86.ActiveCfg = Debug|Win32
		{2E795543-B368-452A-9E99-D245A40060D3}.Debug|x86.Build.0 = Debug|Win32
		{2E795543-B368-452A-9E99-D245A40060D3}.Release|x64.ActiveCfg = Release|x64
		{2E795543-B368-452A-9E99-D245A40060D3}.Release|x64.Build.0 = Release|x64
		{2E795543-B368-452A-9E99-D245A40060D3}.Release|x86.ActiveCfg = Release|Win32
		{2E795543-B368-452A-9E99-D245A40060D3}.Release|x86.Build.0 = Release|Win32
		{6267DDCD-E7E7-428C-9BC7-32961C31D0BB}.Debug|x64.ActiveCfg = Debug|x64
		{6267DDCD-E7E7-428C-9BC7-32961C31D0BB}.Debug|x64.Build.0 = Debug|x64
		{6267DDCD-E7E7-428C-9BC7-32961C31D0BB}.Debug|x86.ActiveCfg = Debug|Win32
		{6267DDCD-E7E7-428C-9BC7-32961C31D0BB}.Debug|x86.Build.0 = Debug|Win32
		{6267DDCD-E7E7-428C-9BC7-32961C31D0BB}.Release|x64.ActiveCfg = Release|x64
		{6267DDCD-E7E7-428C-9BC7-32961C31D0BB}.Release|x64.Build.0 = Release|x64
		{6267DDCD-E7E7-428C-9BC7-32961C31D0BB}.Release|x86.ActiveCfg = Release|Win32
		{6267DDCD-E7E7-428C-9BC7-32961C31D0BB}.Release|x86.Build.0 = Release|Win32
		{E1C6AC8A-A3FE-407D-A6C1-549C4ABD776D}.Debug|x64.ActiveCfg = Debug|x64
		{E1C6AC8A-A3FE-407D-A6C1-549C4ABD776D}.Debug|x64.Build.0 = Debug|x64
		{E1C6AC8A-A3FE-407D-A6C1-549C4ABD776D}.Debug|x86.ActiveCfg = Debug|Win32
		{E1C6AC8A-A3FE-407D-A6C1-549C4ABD776D}.Debug|x86.Build.0 = Debug|Win32
		{E1C6AC8A-A3FE-407D-A6C1-549C4ABD776D}.Release|x64.ActiveCfg = Release|x64
		{E1C6AC8A-A3FE-407D-A6C1-549C4ABD776D}.Release|x64.Build.0 = Release|x64
		{E1C6AC8A-A3FE-407D-A6C1-549C4ABD776D}.Release|x86.ActiveCfg = Release|Win32
		{E1C6AC8A-A3FE-407D-A6C1-549C4ABD776D}.Release|x86.Build.0 = Release|Win32
		{A2340255-61D4-4DE3-BE27-E442BC5F5AB5}.Debug|x64.ActiveCfg = Debug|x64
		{A2340255-61D4-4DE3-BE27-E442BC5F5AB5}.Debug|x64.Build.0 = Debug|x64
		{A2340255-61D4-4DE3-BE27-E442BC5F5AB5}.Debug|x86.ActiveCfg = Debug|Win32
		{A2340255-61D4-4DE3-BE27-E442BC5F5AB5}.Debug|x86.Build.0 = Debug|Win32
		{A2340255-61D4-4DE3-BE27-E442BC5F5AB5}.Release|x64.ActiveCfg = Release|x64
		{A2340255-61D4-4DE3-BE27-E442BC5F5AB5}.Release|x64.Build.0 = Release|x64
		{A2340255-61D4-4DE3-BE27-E442BC5F5AB5}.Release|x86.ActiveCfg = Release|Win32
		{A2340255-61D4-4DE3-BE27-E442BC5F5AB5}.Release|x86.Build.0 = Release|Win32
	EndGlobalSection
	GlobalSection(SolutionProperties) = preSolution
		HideSolutionNode = FALSE
	EndGlobalSection
	GlobalSection(ExtensibilityGlobals) = postSolution
		SolutionGuid = {D41A9BE0-575C-4479-8972-BD9E672B2A56}
	EndGlobalSection
EndGlobal
