
Microsoft Visual Studio Solution File, Format Version 12.00
# Visual Studio Version 17
VisualStudioVersion = 17.10.34928.147
MinimumVisualStudioVersion = 10.0.40219.1
Project("{8BC9CEB8-8B4A-11D0-8D11-00A0C91BC942}") = "예제 1-1", "예제 1-1\예제 1-1.vcxproj", "{B345705C-831F-472E-A4BB-1C93B1BEBF11}"
EndProject
Project("{8BC9CEB8-8B4A-11D0-8D11-00A0C91BC942}") = "예제 3-1", "예제 3-1\예제 3-1.vcxproj", "{DA23F09B-7850-4022-86E4-56F0439CF83B}"
EndProject
Project("{8BC9CEB8-8B4A-11D0-8D11-00A0C91BC942}") = "예제 3-2", "예제 3-2\예제 3-2.vcxproj", "{C419EE46-0637-43F4-8516-0A93FD3D68F4}"
EndProject
Project("{8BC9CEB8-8B4A-11D0-8D11-00A0C91BC942}") = "예제 4-1", "예제 4-1\예제 4-1.vcxproj", "{D1C932A9-ABD9-4900-A66F-EA16C409ECC7}"
EndProject
Project("{8BC9CEB8-8B4A-11D0-8D11-00A0C91BC942}") = "예제 4-2", "예제 4-2\예제 4-2.vcxproj", "{0DCED490-322F-497A-BAEB-5D6363C7A397}"
EndProject
Project("{8BC9CEB8-8B4A-11D0-8D11-00A0C91BC942}") = "예제 4-3", "예제 4-3\예제 4-3.vcxproj", "{E4CB36D4-C098-4445-B868-7E3FD1BDC301}"
EndProject
Project("{8BC9CEB8-8B4A-11D0-8D11-00A0C91BC942}") = "예제 4-4", "예제 4-4\예제 4-4.vcxproj", "{933DD2C0-FF48-477F-B2DE-85F326758A32}"
EndProject
Project("{8BC9CEB8-8B4A-11D0-8D11-00A0C91BC942}") = "예제 5-1", "예제 5-1\예제 5-1.vcxproj", "{EFE3E057-F667-482E-B4B4-46CD84DF00E0}"
EndProject
Project("{8BC9CEB8-8B4A-11D0-8D11-00A0C91BC942}") = "예제 6-1", "예제 6-1\예제 6-1.vcxproj", "{662A1D31-182C-4C46-92B6-A5ECB850E1D0}"
EndProject
Project("{8BC9CEB8-8B4A-11D0-8D11-00A0C91BC942}") = "예제 6-2", "예제 6-2\예제 6-2.vcxproj", "{0EC95A8A-26FB-47C9-93B0-95D37F77B009}"
EndProject
Project("{8BC9CEB8-8B4A-11D0-8D11-00A0C91BC942}") = "예제 6-3", "예제 6-3\예제 6-3.vcxproj", "{CE972151-356B-44EA-9E94-D99E69304F22}"
EndProject
Project("{8BC9CEB8-8B4A-11D0-8D11-00A0C91BC942}") = "예제 7-1", "예제 7-1\예제 7-1.vcxproj", "{80D7B103-719A-485C-9662-A98BA01AE18E}"
EndProject
Project("{8BC9CEB8-8B4A-11D0-8D11-00A0C91BC942}") = "예제 7-2", "예제 7-2\예제 7-2.vcxproj", "{50772758-CFCB-4B15-820C-F9CE398020FA}"
EndProject
Project("{8BC9CEB8-8B4A-11D0-8D11-00A0C91BC942}") = "예제 7-3", "예제 7-3\예제 7-3.vcxproj", "{0B805109-E67B-4C3E-B04F-103DBF87CDC6}"
EndProject
Project("{8BC9CEB8-8B4A-11D0-8D11-00A0C91BC942}") = "예제 7-4", "예제 7-4\예제 7-4.vcxproj", "{5B576CA0-5F0F-4395-99CE-746F0203DAB8}"
EndProject
Global
	GlobalSection(SolutionConfigurationPlatforms) = preSolution
		Debug|x64 = Debug|x64
		Debug|x86 = Debug|x86
		Release|x64 = Release|x64
		Release|x86 = Release|x86
	EndGlobalSection
	GlobalSection(ProjectConfigurationPlatforms) = postSolution
		{B345705C-831F-472E-A4BB-1C93B1BEBF11}.Debug|x64.ActiveCfg = Debug|x64
		{B345705C-831F-472E-A4BB-1C93B1BEBF11}.Debug|x64.Build.0 = Debug|x64
		{B345705C-831F-472E-A4BB-1C93B1BEBF11}.Debug|x86.ActiveCfg = Debug|Win32
		{B345705C-831F-472E-A4BB-1C93B1BEBF11}.Debug|x86.Build.0 = Debug|Win32
		{B345705C-831F-472E-A4BB-1C93B1BEBF11}.Release|x64.ActiveCfg = Release|x64
		{B345705C-831F-472E-A4BB-1C93B1BEBF11}.Release|x64.Build.0 = Release|x64
		{B345705C-831F-472E-A4BB-1C93B1BEBF11}.Release|x86.ActiveCfg = Release|Win32
		{B345705C-831F-472E-A4BB-1C93B1BEBF11}.Release|x86.Build.0 = Release|Win32
		{DA23F09B-7850-4022-86E4-56F0439CF83B}.Debug|x64.ActiveCfg = Debug|x64
		{DA23F09B-7850-4022-86E4-56F0439CF83B}.Debug|x64.Build.0 = Debug|x64
		{DA23F09B-7850-4022-86E4-56F0439CF83B}.Debug|x86.ActiveCfg = Debug|Win32
		{DA23F09B-7850-4022-86E4-56F0439CF83B}.Debug|x86.Build.0 = Debug|Win32
		{DA23F09B-7850-4022-86E4-56F0439CF83B}.Release|x64.ActiveCfg = Release|x64
		{DA23F09B-7850-4022-86E4-56F0439CF83B}.Release|x64.Build.0 = Release|x64
		{DA23F09B-7850-4022-86E4-56F0439CF83B}.Release|x86.ActiveCfg = Release|Win32
		{DA23F09B-7850-4022-86E4-56F0439CF83B}.Release|x86.Build.0 = Release|Win32
		{C419EE46-0637-43F4-8516-0A93FD3D68F4}.Debug|x64.ActiveCfg = Debug|x64
		{C419EE46-0637-43F4-8516-0A93FD3D68F4}.Debug|x64.Build.0 = Debug|x64
		{C419EE46-0637-43F4-8516-0A93FD3D68F4}.Debug|x86.ActiveCfg = Debug|Win32
		{C419EE46-0637-43F4-8516-0A93FD3D68F4}.Debug|x86.Build.0 = Debug|Win32
		{C419EE46-0637-43F4-8516-0A93FD3D68F4}.Release|x64.ActiveCfg = Release|x64
		{C419EE46-0637-43F4-8516-0A93FD3D68F4}.Release|x64.Build.0 = Release|x64
		{C419EE46-0637-43F4-8516-0A93FD3D68F4}.Release|x86.ActiveCfg = Release|Win32
		{C419EE46-0637-43F4-8516-0A93FD3D68F4}.Release|x86.Build.0 = Release|Win32
		{D1C932A9-ABD9-4900-A66F-EA16C409ECC7}.Debug|x64.ActiveCfg = Debug|x64
		{D1C932A9-ABD9-4900-A66F-EA16C409ECC7}.Debug|x64.Build.0 = Debug|x64
		{D1C932A9-ABD9-4900-A66F-EA16C409ECC7}.Debug|x86.ActiveCfg = Debug|Win32
		{D1C932A9-ABD9-4900-A66F-EA16C409ECC7}.Debug|x86.Build.0 = Debug|Win32
		{D1C932A9-ABD9-4900-A66F-EA16C409ECC7}.Release|x64.ActiveCfg = Release|x64
		{D1C932A9-ABD9-4900-A66F-EA16C409ECC7}.Release|x64.Build.0 = Release|x64
		{D1C932A9-ABD9-4900-A66F-EA16C409ECC7}.Release|x86.ActiveCfg = Release|Win32
		{D1C932A9-ABD9-4900-A66F-EA16C409ECC7}.Release|x86.Build.0 = Release|Win32
		{0DCED490-322F-497A-BAEB-5D6363C7A397}.Debug|x64.ActiveCfg = Debug|x64
		{0DCED490-322F-497A-BAEB-5D6363C7A397}.Debug|x64.Build.0 = Debug|x64
		{0DCED490-322F-497A-BAEB-5D6363C7A397}.Debug|x86.ActiveCfg = Debug|Win32
		{0DCED490-322F-497A-BAEB-5D6363C7A397}.Debug|x86.Build.0 = Debug|Win32
		{0DCED490-322F-497A-BAEB-5D6363C7A397}.Release|x64.ActiveCfg = Release|x64
		{0DCED490-322F-497A-BAEB-5D6363C7A397}.Release|x64.Build.0 = Release|x64
		{0DCED490-322F-497A-BAEB-5D6363C7A397}.Release|x86.ActiveCfg = Release|Win32
		{0DCED490-322F-497A-BAEB-5D6363C7A397}.Release|x86.Build.0 = Release|Win32
		{E4CB36D4-C098-4445-B868-7E3FD1BDC301}.Debug|x64.ActiveCfg = Debug|x64
		{E4CB36D4-C098-4445-B868-7E3FD1BDC301}.Debug|x64.Build.0 = Debug|x64
		{E4CB36D4-C098-4445-B868-7E3FD1BDC301}.Debug|x86.ActiveCfg = Debug|Win32
		{E4CB36D4-C098-4445-B868-7E3FD1BDC301}.Debug|x86.Build.0 = Debug|Win32
		{E4CB36D4-C098-4445-B868-7E3FD1BDC301}.Release|x64.ActiveCfg = Release|x64
		{E4CB36D4-C098-4445-B868-7E3FD1BDC301}.Release|x64.Build.0 = Release|x64
		{E4CB36D4-C098-4445-B868-7E3FD1BDC301}.Release|x86.ActiveCfg = Release|Win32
		{E4CB36D4-C098-4445-B868-7E3FD1BDC301}.Release|x86.Build.0 = Release|Win32
		{933DD2C0-FF48-477F-B2DE-85F326758A32}.Debug|x64.ActiveCfg = Debug|x64
		{933DD2C0-FF48-477F-B2DE-85F326758A32}.Debug|x64.Build.0 = Debug|x64
		{933DD2C0-FF48-477F-B2DE-85F326758A32}.Debug|x86.ActiveCfg = Debug|Win32
		{933DD2C0-FF48-477F-B2DE-85F326758A32}.Debug|x86.Build.0 = Debug|Win32
		{933DD2C0-FF48-477F-B2DE-85F326758A32}.Release|x64.ActiveCfg = Release|x64
		{933DD2C0-FF48-477F-B2DE-85F326758A32}.Release|x64.Build.0 = Release|x64
		{933DD2C0-FF48-477F-B2DE-85F326758A32}.Release|x86.ActiveCfg = Release|Win32
		{933DD2C0-FF48-477F-B2DE-85F326758A32}.Release|x86.Build.0 = Release|Win32
		{EFE3E057-F667-482E-B4B4-46CD84DF00E0}.Debug|x64.ActiveCfg = Debug|x64
		{EFE3E057-F667-482E-B4B4-46CD84DF00E0}.Debug|x64.Build.0 = Debug|x64
		{EFE3E057-F667-482E-B4B4-46CD84DF00E0}.Debug|x86.ActiveCfg = Debug|Win32
		{EFE3E057-F667-482E-B4B4-46CD84DF00E0}.Debug|x86.Build.0 = Debug|Win32
		{EFE3E057-F667-482E-B4B4-46CD84DF00E0}.Release|x64.ActiveCfg = Release|x64
		{EFE3E057-F667-482E-B4B4-46CD84DF00E0}.Release|x64.Build.0 = Release|x64
		{EFE3E057-F667-482E-B4B4-46CD84DF00E0}.Release|x86.ActiveCfg = Release|Win32
		{EFE3E057-F667-482E-B4B4-46CD84DF00E0}.Release|x86.Build.0 = Release|Win32
		{662A1D31-182C-4C46-92B6-A5ECB850E1D0}.Debug|x64.ActiveCfg = Debug|x64
		{662A1D31-182C-4C46-92B6-A5ECB850E1D0}.Debug|x64.Build.0 = Debug|x64
		{662A1D31-182C-4C46-92B6-A5ECB850E1D0}.Debug|x86.ActiveCfg = Debug|Win32
		{662A1D31-182C-4C46-92B6-A5ECB850E1D0}.Debug|x86.Build.0 = Debug|Win32
		{662A1D31-182C-4C46-92B6-A5ECB850E1D0}.Release|x64.ActiveCfg = Release|x64
		{662A1D31-182C-4C46-92B6-A5ECB850E1D0}.Release|x64.Build.0 = Release|x64
		{662A1D31-182C-4C46-92B6-A5ECB850E1D0}.Release|x86.ActiveCfg = Release|Win32
		{662A1D31-182C-4C46-92B6-A5ECB850E1D0}.Release|x86.Build.0 = Release|Win32
		{0EC95A8A-26FB-47C9-93B0-95D37F77B009}.Debug|x64.ActiveCfg = Debug|x64
		{0EC95A8A-26FB-47C9-93B0-95D37F77B009}.Debug|x64.Build.0 = Debug|x64
		{0EC95A8A-26FB-47C9-93B0-95D37F77B009}.Debug|x86.ActiveCfg = Debug|Win32
		{0EC95A8A-26FB-47C9-93B0-95D37F77B009}.Debug|x86.Build.0 = Debug|Win32
		{0EC95A8A-26FB-47C9-93B0-95D37F77B009}.Release|x64.ActiveCfg = Release|x64
		{0EC95A8A-26FB-47C9-93B0-95D37F77B009}.Release|x64.Build.0 = Release|x64
		{0EC95A8A-26FB-47C9-93B0-95D37F77B009}.Release|x86.ActiveCfg = Release|Win32
		{0EC95A8A-26FB-47C9-93B0-95D37F77B009}.Release|x86.Build.0 = Release|Win32
		{CE972151-356B-44EA-9E94-D99E69304F22}.Debug|x64.ActiveCfg = Debug|x64
		{CE972151-356B-44EA-9E94-D99E69304F22}.Debug|x64.Build.0 = Debug|x64
		{CE972151-356B-44EA-9E94-D99E69304F22}.Debug|x86.ActiveCfg = Debug|Win32
		{CE972151-356B-44EA-9E94-D99E69304F22}.Debug|x86.Build.0 = Debug|Win32
		{CE972151-356B-44EA-9E94-D99E69304F22}.Release|x64.ActiveCfg = Release|x64
		{CE972151-356B-44EA-9E94-D99E69304F22}.Release|x64.Build.0 = Release|x64
		{CE972151-356B-44EA-9E94-D99E69304F22}.Release|x86.ActiveCfg = Release|Win32
		{CE972151-356B-44EA-9E94-D99E69304F22}.Release|x86.Build.0 = Release|Win32
		{80D7B103-719A-485C-9662-A98BA01AE18E}.Debug|x64.ActiveCfg = Debug|x64
		{80D7B103-719A-485C-9662-A98BA01AE18E}.Debug|x64.Build.0 = Debug|x64
		{80D7B103-719A-485C-9662-A98BA01AE18E}.Debug|x86.ActiveCfg = Debug|Win32
		{80D7B103-719A-485C-9662-A98BA01AE18E}.Debug|x86.Build.0 = Debug|Win32
		{80D7B103-719A-485C-9662-A98BA01AE18E}.Release|x64.ActiveCfg = Release|x64
		{80D7B103-719A-485C-9662-A98BA01AE18E}.Release|x64.Build.0 = Release|x64
		{80D7B103-719A-485C-9662-A98BA01AE18E}.Release|x86.ActiveCfg = Release|Win32
		{80D7B103-719A-485C-9662-A98BA01AE18E}.Release|x86.Build.0 = Release|Win32
		{50772758-CFCB-4B15-820C-F9CE398020FA}.Debug|x64.ActiveCfg = Debug|x64
		{50772758-CFCB-4B15-820C-F9CE398020FA}.Debug|x64.Build.0 = Debug|x64
		{50772758-CFCB-4B15-820C-F9CE398020FA}.Debug|x86.ActiveCfg = Debug|Win32
		{50772758-CFCB-4B15-820C-F9CE398020FA}.Debug|x86.Build.0 = Debug|Win32
		{50772758-CFCB-4B15-820C-F9CE398020FA}.Release|x64.ActiveCfg = Release|x64
		{50772758-CFCB-4B15-820C-F9CE398020FA}.Release|x64.Build.0 = Release|x64
		{50772758-CFCB-4B15-820C-F9CE398020FA}.Release|x86.ActiveCfg = Release|Win32
		{50772758-CFCB-4B15-820C-F9CE398020FA}.Release|x86.Build.0 = Release|Win32
		{0B805109-E67B-4C3E-B04F-103DBF87CDC6}.Debug|x64.ActiveCfg = Debug|x64
		{0B805109-E67B-4C3E-B04F-103DBF87CDC6}.Debug|x64.Build.0 = Debug|x64
		{0B805109-E67B-4C3E-B04F-103DBF87CDC6}.Debug|x86.ActiveCfg = Debug|Win32
		{0B805109-E67B-4C3E-B04F-103DBF87CDC6}.Debug|x86.Build.0 = Debug|Win32
		{0B805109-E67B-4C3E-B04F-103DBF87CDC6}.Release|x64.ActiveCfg = Release|x64
		{0B805109-E67B-4C3E-B04F-103DBF87CDC6}.Release|x64.Build.0 = Release|x64
		{0B805109-E67B-4C3E-B04F-103DBF87CDC6}.Release|x86.ActiveCfg = Release|Win32
		{0B805109-E67B-4C3E-B04F-103DBF87CDC6}.Release|x86.Build.0 = Release|Win32
		{5B576CA0-5F0F-4395-99CE-746F0203DAB8}.Debug|x64.ActiveCfg = Debug|x64
		{5B576CA0-5F0F-4395-99CE-746F0203DAB8}.Debug|x64.Build.0 = Debug|x64
		{5B576CA0-5F0F-4395-99CE-746F0203DAB8}.Debug|x86.ActiveCfg = Debug|Win32
		{5B576CA0-5F0F-4395-99CE-746F0203DAB8}.Debug|x86.Build.0 = Debug|Win32
		{5B576CA0-5F0F-4395-99CE-746F0203DAB8}.Release|x64.ActiveCfg = Release|x64
		{5B576CA0-5F0F-4395-99CE-746F0203DAB8}.Release|x64.Build.0 = Release|x64
		{5B576CA0-5F0F-4395-99CE-746F0203DAB8}.Release|x86.ActiveCfg = Release|Win32
		{5B576CA0-5F0F-4395-99CE-746F0203DAB8}.Release|x86.Build.0 = Release|Win32
	EndGlobalSection
	GlobalSection(SolutionProperties) = preSolution
		HideSolutionNode = FALSE
	EndGlobalSection
	GlobalSection(ExtensibilityGlobals) = postSolution
		SolutionGuid = {CEBA7B57-4026-4B25-90D7-A64D43B6732D}
	EndGlobalSection
EndGlobal
