
Microsoft Visual Studio Solution File, Format Version 12.00
# Visual Studio Version 17
VisualStudioVersion = 17.10.34928.147
MinimumVisualStudioVersion = 10.0.40219.1
Project("{8BC9CEB8-8B4A-11D0-8D11-00A0C91BC942}") = "연습문제 4-1", "연습문제 4-1\연습문제 4-1.vcxproj", "{884BC8E4-AB70-4E74-A1FB-32E1FAB31C57}"
EndProject
Global
	GlobalSection(SolutionConfigurationPlatforms) = preSolution
		Debug|x64 = Debug|x64
		Debug|x86 = Debug|x86
		Release|x64 = Release|x64
		Release|x86 = Release|x86
	EndGlobalSection
	GlobalSection(ProjectConfigurationPlatforms) = postSolution
		{884BC8E4-AB70-4E74-A1FB-32E1FAB31C57}.Debug|x64.ActiveCfg = Debug|x64
		{884BC8E4-AB70-4E74-A1FB-32E1FAB31C57}.Debug|x64.Build.0 = Debug|x64
		{884BC8E4-AB70-4E74-A1FB-32E1FAB31C57}.Debug|x86.ActiveCfg = Debug|Win32
		{884BC8E4-AB70-4E74-A1FB-32E1FAB31C57}.Debug|x86.Build.0 = Debug|Win32
		{884BC8E4-AB70-4E74-A1FB-32E1FAB31C57}.Release|x64.ActiveCfg = Release|x64
		{884BC8E4-AB70-4E74-A1FB-32E1FAB31C57}.Release|x64.Build.0 = Release|x64
		{884BC8E4-AB70-4E74-A1FB-32E1FAB31C57}.Release|x86.ActiveCfg = Release|Win32
		{884BC8E4-AB70-4E74-A1FB-32E1FAB31C57}.Release|x86.Build.0 = Release|Win32
	EndGlobalSection
	GlobalSection(SolutionProperties) = preSolution
		HideSolutionNode = FALSE
	EndGlobalSection
	GlobalSection(ExtensibilityGlobals) = postSolution
		SolutionGuid = {4FB2D9F9-F3A5-4F0A-9DEC-64B5DE5BB3B0}
	EndGlobalSection
EndGlobal
