
Microsoft Visual Studio Solution File, Format Version 12.00
# Visual Studio Version 17
VisualStudioVersion = 17.14.36121.58
MinimumVisualStudioVersion = 10.0.40219.1
Project("{8BC9CEB8-8B4A-11D0-8D11-00A0C91BC942}") = "10-1", "10-1\10-1.vcxproj", "{7FA28673-8D0E-4FDB-8047-1317D52362D6}"
EndProject
Project("{8BC9CEB8-8B4A-11D0-8D11-00A0C91BC942}") = "10-2", "10-2\10-2.vcxproj", "{CE982919-E8B7-4D4F-A87D-6D68AD996C2A}"
EndProject
Project("{8BC9CEB8-8B4A-11D0-8D11-00A0C91BC942}") = "10-3", "10-3\10-3.vcxproj", "{355965B1-C659-4F63-9399-7088E01D6E04}"
EndProject
Project("{8BC9CEB8-8B4A-11D0-8D11-00A0C91BC942}") = "10-4", "10-4\10-4.vcxproj", "{3E5D0CB7-2CE2-428B-8EB2-6DA2370DDF03}"
EndProject
Project("{8BC9CEB8-8B4A-11D0-8D11-00A0C91BC942}") = "10-6", "10-6\10-6.vcxproj", "{6B4B39D3-1D08-47B5-BDC0-49E9BE131EF2}"
EndProject
Project("{8BC9CEB8-8B4A-11D0-8D11-00A0C91BC942}") = "10-7", "10-7\10-7.vcxproj", "{543383E1-28EC-4E39-B1D0-641CD9D9ED09}"
EndProject
Project("{8BC9CEB8-8B4A-11D0-8D11-00A0C91BC942}") = "10-8", "10-8\10-8.vcxproj", "{E4734B4D-CDAB-40C4-A124-160B0D05EE64}"
EndProject
Project("{8BC9CEB8-8B4A-11D0-8D11-00A0C91BC942}") = "10-9", "10-9\10-9.vcxproj", "{1A377376-F629-4A06-9B72-DF7D92867F79}"
EndProject
Project("{8BC9CEB8-8B4A-11D0-8D11-00A0C91BC942}") = "10-10", "10-10\10-10.vcxproj", "{61C1FB53-BE2D-4472-B9FE-1049089457F5}"
EndProject
Project("{8BC9CEB8-8B4A-11D0-8D11-00A0C91BC942}") = "10-11", "10-11\10-11.vcxproj", "{46DF064C-82C7-4CB9-8268-F9381F279C66}"
EndProject
Project("{8BC9CEB8-8B4A-11D0-8D11-00A0C91BC942}") = "10-12", "10-12\10-12.vcxproj", "{50C4A9F9-4080-41DC-842A-17547ED37008}"
EndProject
Project("{8BC9CEB8-8B4A-11D0-8D11-00A0C91BC942}") = "10-13", "10-13\10-13.vcxproj", "{6857C341-3F62-4F4A-8BF2-C0D22B565AE4}"
EndProject
Project("{8BC9CEB8-8B4A-11D0-8D11-00A0C91BC942}") = "10-14", "10-14\10-14.vcxproj", "{827D40CD-E252-4D6F-956D-E67286791A9D}"
EndProject
Project("{8BC9CEB8-8B4A-11D0-8D11-00A0C91BC942}") = "10-15", "10-15\10-15.vcxproj", "{187D5D49-FF4D-4462-BC17-117C76480411}"
EndProject
Project("{8BC9CEB8-8B4A-11D0-8D11-00A0C91BC942}") = "10-5", "10-5\10-5.vcxproj", "{3E305939-5617-48CF-949E-97F3D9DC2F5A}"
EndProject
Global
	GlobalSection(SolutionConfigurationPlatforms) = preSolution
		Debug|x64 = Debug|x64
		Debug|x86 = Debug|x86
		Release|x64 = Release|x64
		Release|x86 = Release|x86
	EndGlobalSection
	GlobalSection(ProjectConfigurationPlatforms) = postSolution
		{7FA28673-8D0E-4FDB-8047-1317D52362D6}.Debug|x64.ActiveCfg = Debug|x64
		{7FA28673-8D0E-4FDB-8047-1317D52362D6}.Debug|x64.Build.0 = Debug|x64
		{7FA28673-8D0E-4FDB-8047-1317D52362D6}.Debug|x86.ActiveCfg = Debug|Win32
		{7FA28673-8D0E-4FDB-8047-1317D52362D6}.Debug|x86.Build.0 = Debug|Win32
		{7FA28673-8D0E-4FDB-8047-1317D52362D6}.Release|x64.ActiveCfg = Release|x64
		{7FA28673-8D0E-4FDB-8047-1317D52362D6}.Release|x64.Build.0 = Release|x64
		{7FA28673-8D0E-4FDB-8047-1317D52362D6}.Release|x86.ActiveCfg = Release|Win32
		{7FA28673-8D0E-4FDB-8047-1317D52362D6}.Release|x86.Build.0 = Release|Win32
		{CE982919-E8B7-4D4F-A87D-6D68AD996C2A}.Debug|x64.ActiveCfg = Debug|x64
		{CE982919-E8B7-4D4F-A87D-6D68AD996C2A}.Debug|x64.Build.0 = Debug|x64
		{CE982919-E8B7-4D4F-A87D-6D68AD996C2A}.Debug|x86.ActiveCfg = Debug|Win32
		{CE982919-E8B7-4D4F-A87D-6D68AD996C2A}.Debug|x86.Build.0 = Debug|Win32
		{CE982919-E8B7-4D4F-A87D-6D68AD996C2A}.Release|x64.ActiveCfg = Release|x64
		{CE982919-E8B7-4D4F-A87D-6D68AD996C2A}.Release|x64.Build.0 = Release|x64
		{CE982919-E8B7-4D4F-A87D-6D68AD996C2A}.Release|x86.ActiveCfg = Release|Win32
		{CE982919-E8B7-4D4F-A87D-6D68AD996C2A}.Release|x86.Build.0 = Release|Win32
		{355965B1-C659-4F63-9399-7088E01D6E04}.Debug|x64.ActiveCfg = Debug|x64
		{355965B1-C659-4F63-9399-7088E01D6E04}.Debug|x64.Build.0 = Debug|x64
		{355965B1-C659-4F63-9399-7088E01D6E04}.Debug|x86.ActiveCfg = Debug|Win32
		{355965B1-C659-4F63-9399-7088E01D6E04}.Debug|x86.Build.0 = Debug|Win32
		{355965B1-C659-4F63-9399-7088E01D6E04}.Release|x64.ActiveCfg = Release|x64
		{355965B1-C659-4F63-9399-7088E01D6E04}.Release|x64.Build.0 = Release|x64
		{355965B1-C659-4F63-9399-7088E01D6E04}.Release|x86.ActiveCfg = Release|Win32
		{355965B1-C659-4F63-9399-7088E01D6E04}.Release|x86.Build.0 = Release|Win32
		{3E5D0CB7-2CE2-428B-8EB2-6DA2370DDF03}.Debug|x64.ActiveCfg = Debug|x64
		{3E5D0CB7-2CE2-428B-8EB2-6DA2370DDF03}.Debug|x64.Build.0 = Debug|x64
		{3E5D0CB7-2CE2-428B-8EB2-6DA2370DDF03}.Debug|x86.ActiveCfg = Debug|Win32
		{3E5D0CB7-2CE2-428B-8EB2-6DA2370DDF03}.Debug|x86.Build.0 = Debug|Win32
		{3E5D0CB7-2CE2-428B-8EB2-6DA2370DDF03}.Release|x64.ActiveCfg = Release|x64
		{3E5D0CB7-2CE2-428B-8EB2-6DA2370DDF03}.Release|x64.Build.0 = Release|x64
		{3E5D0CB7-2CE2-428B-8EB2-6DA2370DDF03}.Release|x86.ActiveCfg = Release|Win32
		{3E5D0CB7-2CE2-428B-8EB2-6DA2370DDF03}.Release|x86.Build.0 = Release|Win32
		{6B4B39D3-1D08-47B5-BDC0-49E9BE131EF2}.Debug|x64.ActiveCfg = Debug|x64
		{6B4B39D3-1D08-47B5-BDC0-49E9BE131EF2}.Debug|x64.Build.0 = Debug|x64
		{6B4B39D3-1D08-47B5-BDC0-49E9BE131EF2}.Debug|x86.ActiveCfg = Debug|Win32
		{6B4B39D3-1D08-47B5-BDC0-49E9BE131EF2}.Debug|x86.Build.0 = Debug|Win32
		{6B4B39D3-1D08-47B5-BDC0-49E9BE131EF2}.Release|x64.ActiveCfg = Release|x64
		{6B4B39D3-1D08-47B5-BDC0-49E9BE131EF2}.Release|x64.Build.0 = Release|x64
		{6B4B39D3-1D08-47B5-BDC0-49E9BE131EF2}.Release|x86.ActiveCfg = Release|Win32
		{6B4B39D3-1D08-47B5-BDC0-49E9BE131EF2}.Release|x86.Build.0 = Release|Win32
		{543383E1-28EC-4E39-B1D0-641CD9D9ED09}.Debug|x64.ActiveCfg = Debug|x64
		{543383E1-28EC-4E39-B1D0-641CD9D9ED09}.Debug|x64.Build.0 = Debug|x64
		{543383E1-28EC-4E39-B1D0-641CD9D9ED09}.Debug|x86.ActiveCfg = Debug|Win32
		{543383E1-28EC-4E39-B1D0-641CD9D9ED09}.Debug|x86.Build.0 = Debug|Win32
		{543383E1-28EC-4E39-B1D0-641CD9D9ED09}.Release|x64.ActiveCfg = Release|x64
		{543383E1-28EC-4E39-B1D0-641CD9D9ED09}.Release|x64.Build.0 = Release|x64
		{543383E1-28EC-4E39-B1D0-641CD9D9ED09}.Release|x86.ActiveCfg = Release|Win32
		{543383E1-28EC-4E39-B1D0-641CD9D9ED09}.Release|x86.Build.0 = Release|Win32
		{E4734B4D-CDAB-40C4-A124-160B0D05EE64}.Debug|x64.ActiveCfg = Debug|x64
		{E4734B4D-CDAB-40C4-A124-160B0D05EE64}.Debug|x64.Build.0 = Debug|x64
		{E4734B4D-CDAB-40C4-A124-160B0D05EE64}.Debug|x86.ActiveCfg = Debug|Win32
		{E4734B4D-CDAB-40C4-A124-160B0D05EE64}.Debug|x86.Build.0 = Debug|Win32
		{E4734B4D-CDAB-40C4-A124-160B0D05EE64}.Release|x64.ActiveCfg = Release|x64
		{E4734B4D-CDAB-40C4-A124-160B0D05EE64}.Release|x64.Build.0 = Release|x64
		{E4734B4D-CDAB-40C4-A124-160B0D05EE64}.Release|x86.ActiveCfg = Release|Win32
		{E4734B4D-CDAB-40C4-A124-160B0D05EE64}.Release|x86.Build.0 = Release|Win32
		{1A377376-F629-4A06-9B72-DF7D92867F79}.Debug|x64.ActiveCfg = Debug|x64
		{1A377376-F629-4A06-9B72-DF7D92867F79}.Debug|x64.Build.0 = Debug|x64
		{1A377376-F629-4A06-9B72-DF7D92867F79}.Debug|x86.ActiveCfg = Debug|Win32
		{1A377376-F629-4A06-9B72-DF7D92867F79}.Debug|x86.Build.0 = Debug|Win32
		{1A377376-F629-4A06-9B72-DF7D92867F79}.Release|x64.ActiveCfg = Release|x64
		{1A377376-F629-4A06-9B72-DF7D92867F79}.Release|x64.Build.0 = Release|x64
		{1A377376-F629-4A06-9B72-DF7D92867F79}.Release|x86.ActiveCfg = Release|Win32
		{1A377376-F629-4A06-9B72-DF7D92867F79}.Release|x86.Build.0 = Release|Win32
		{61C1FB53-BE2D-4472-B9FE-1049089457F5}.Debug|x64.ActiveCfg = Debug|x64
		{61C1FB53-BE2D-4472-B9FE-1049089457F5}.Debug|x64.Build.0 = Debug|x64
		{61C1FB53-BE2D-4472-B9FE-1049089457F5}.Debug|x86.ActiveCfg = Debug|Win32
		{61C1FB53-BE2D-4472-B9FE-1049089457F5}.Debug|x86.Build.0 = Debug|Win32
		{61C1FB53-BE2D-4472-B9FE-1049089457F5}.Release|x64.ActiveCfg = Release|x64
		{61C1FB53-BE2D-4472-B9FE-1049089457F5}.Release|x64.Build.0 = Release|x64
		{61C1FB53-BE2D-4472-B9FE-1049089457F5}.Release|x86.ActiveCfg = Release|Win32
		{61C1FB53-BE2D-4472-B9FE-1049089457F5}.Release|x86.Build.0 = Release|Win32
		{46DF064C-82C7-4CB9-8268-F9381F279C66}.Debug|x64.ActiveCfg = Debug|x64
		{46DF064C-82C7-4CB9-8268-F9381F279C66}.Debug|x64.Build.0 = Debug|x64
		{46DF064C-82C7-4CB9-8268-F9381F279C66}.Debug|x86.ActiveCfg = Debug|Win32
		{46DF064C-82C7-4CB9-8268-F9381F279C66}.Debug|x86.Build.0 = Debug|Win32
		{46DF064C-82C7-4CB9-8268-F9381F279C66}.Release|x64.ActiveCfg = Release|x64
		{46DF064C-82C7-4CB9-8268-F9381F279C66}.Release|x64.Build.0 = Release|x64
		{46DF064C-82C7-4CB9-8268-F9381F279C66}.Release|x86.ActiveCfg = Release|Win32
		{46DF064C-82C7-4CB9-8268-F9381F279C66}.Release|x86.Build.0 = Release|Win32
		{50C4A9F9-4080-41DC-842A-17547ED37008}.Debug|x64.ActiveCfg = Debug|x64
		{50C4A9F9-4080-41DC-842A-17547ED37008}.Debug|x64.Build.0 = Debug|x64
		{50C4A9F9-4080-41DC-842A-17547ED37008}.Debug|x86.ActiveCfg = Debug|Win32
		{50C4A9F9-4080-41DC-842A-17547ED37008}.Debug|x86.Build.0 = Debug|Win32
		{50C4A9F9-4080-41DC-842A-17547ED37008}.Release|x64.ActiveCfg = Release|x64
		{50C4A9F9-4080-41DC-842A-17547ED37008}.Release|x64.Build.0 = Release|x64
		{50C4A9F9-4080-41DC-842A-17547ED37008}.Release|x86.ActiveCfg = Release|Win32
		{50C4A9F9-4080-41DC-842A-17547ED37008}.Release|x86.Build.0 = Release|Win32
		{6857C341-3F62-4F4A-8BF2-C0D22B565AE4}.Debug|x64.ActiveCfg = Debug|x64
		{6857C341-3F62-4F4A-8BF2-C0D22B565AE4}.Debug|x64.Build.0 = Debug|x64
		{6857C341-3F62-4F4A-8BF2-C0D22B565AE4}.Debug|x86.ActiveCfg = Debug|Win32
		{6857C341-3F62-4F4A-8BF2-C0D22B565AE4}.Debug|x86.Build.0 = Debug|Win32
		{6857C341-3F62-4F4A-8BF2-C0D22B565AE4}.Release|x64.ActiveCfg = Release|x64
		{6857C341-3F62-4F4A-8BF2-C0D22B565AE4}.Release|x64.Build.0 = Release|x64
		{6857C341-3F62-4F4A-8BF2-C0D22B565AE4}.Release|x86.ActiveCfg = Release|Win32
		{6857C341-3F62-4F4A-8BF2-C0D22B565AE4}.Release|x86.Build.0 = Release|Win32
		{827D40CD-E252-4D6F-956D-E67286791A9D}.Debug|x64.ActiveCfg = Debug|x64
		{827D40CD-E252-4D6F-956D-E67286791A9D}.Debug|x64.Build.0 = Debug|x64
		{827D40CD-E252-4D6F-956D-E67286791A9D}.Debug|x86.ActiveCfg = Debug|Win32
		{827D40CD-E252-4D6F-956D-E67286791A9D}.Debug|x86.Build.0 = Debug|Win32
		{827D40CD-E252-4D6F-956D-E67286791A9D}.Release|x64.ActiveCfg = Release|x64
		{827D40CD-E252-4D6F-956D-E67286791A9D}.Release|x64.Build.0 = Release|x64
		{827D40CD-E252-4D6F-956D-E67286791A9D}.Release|x86.ActiveCfg = Release|Win32
		{827D40CD-E252-4D6F-956D-E67286791A9D}.Release|x86.Build.0 = Release|Win32
		{187D5D49-FF4D-4462-BC17-117C76480411}.Debug|x64.ActiveCfg = Debug|x64
		{187D5D49-FF4D-4462-BC17-117C76480411}.Debug|x64.Build.0 = Debug|x64
		{187D5D49-FF4D-4462-BC17-117C76480411}.Debug|x86.ActiveCfg = Debug|Win32
		{187D5D49-FF4D-4462-BC17-117C76480411}.Debug|x86.Build.0 = Debug|Win32
		{187D5D49-FF4D-4462-BC17-117C76480411}.Release|x64.ActiveCfg = Release|x64
		{187D5D49-FF4D-4462-BC17-117C76480411}.Release|x64.Build.0 = Release|x64
		{187D5D49-FF4D-4462-BC17-117C76480411}.Release|x86.ActiveCfg = Release|Win32
		{187D5D49-FF4D-4462-BC17-117C76480411}.Release|x86.Build.0 = Release|Win32
		{3E305939-5617-48CF-949E-97F3D9DC2F5A}.Debug|x64.ActiveCfg = Debug|x64
		{3E305939-5617-48CF-949E-97F3D9DC2F5A}.Debug|x64.Build.0 = Debug|x64
		{3E305939-5617-48CF-949E-97F3D9DC2F5A}.Debug|x86.ActiveCfg = Debug|Win32
		{3E305939-5617-48CF-949E-97F3D9DC2F5A}.Debug|x86.Build.0 = Debug|Win32
		{3E305939-5617-48CF-949E-97F3D9DC2F5A}.Release|x64.ActiveCfg = Release|x64
		{3E305939-5617-48CF-949E-97F3D9DC2F5A}.Release|x64.Build.0 = Release|x64
		{3E305939-5617-48CF-949E-97F3D9DC2F5A}.Release|x86.ActiveCfg = Release|Win32
		{3E305939-5617-48CF-949E-97F3D9DC2F5A}.Release|x86.Build.0 = Release|Win32
	EndGlobalSection
	GlobalSection(SolutionProperties) = preSolution
		HideSolutionNode = FALSE
	EndGlobalSection
	GlobalSection(ExtensibilityGlobals) = postSolution
		SolutionGuid = {05135DBF-AFB1-4848-AC29-B236AB48E902}
	EndGlobalSection
EndGlobal
