
Microsoft Visual Studio Solution File, Format Version 12.00
# Visual Studio Version 17
VisualStudioVersion = 17.10.34928.147
MinimumVisualStudioVersion = 10.0.40219.1
Project("{8BC9CEB8-8B4A-11D0-8D11-00A0C91BC942}") = "문제 5-1", "문제 5-1\문제 5-1.vcxproj", "{C333D221-4F02-41CA-B0D0-7C1BBF80E365}"
EndProject
Project("{8BC9CEB8-8B4A-11D0-8D11-00A0C91BC942}") = "문제 5-2", "문제 5-2\문제 5-2.vcxproj", "{25CD02C3-3DE1-44E2-887C-939F2DADF908}"
EndProject
Project("{8BC9CEB8-8B4A-11D0-8D11-00A0C91BC942}") = "문제 5-3", "문제 5-3\문제 5-3.vcxproj", "{9B451683-7EFB-4423-BBC0-71B180244BF7}"
EndProject
Project("{8BC9CEB8-8B4A-11D0-8D11-00A0C91BC942}") = "문제 5-4", "문제 5-4\문제 5-4.vcxproj", "{72EA3FE1-154E-40C3-A9A4-A745085748CB}"
EndProject
Project("{8BC9CEB8-8B4A-11D0-8D11-00A0C91BC942}") = "문제 5-5", "문제 5-5\문제 5-5.vcxproj", "{2006D77E-E74A-4BCC-BC96-F1FC8BAB0B3B}"
EndProject
Project("{8BC9CEB8-8B4A-11D0-8D11-00A0C91BC942}") = "문제 5-6", "문제 5-6\문제 5-6.vcxproj", "{6B659720-5876-41C1-9C8F-9121B905A8E9}"
EndProject
Project("{8BC9CEB8-8B4A-11D0-8D11-00A0C91BC942}") = "문제 5-7", "문제 5-7\문제 5-7.vcxproj", "{D7CE0708-58C7-4515-B739-774FEAAF578E}"
EndProject
Project("{8BC9CEB8-8B4A-11D0-8D11-00A0C91BC942}") = "문제 5-9", "문제 5-9\문제 5-9.vcxproj", "{2AF0BCA9-403C-4DA9-BFB8-DDFCE8C9D544}"
EndProject
Project("{8BC9CEB8-8B4A-11D0-8D11-00A0C91BC942}") = "문제 5-11", "문제 5-11\문제 5-11.vcxproj", "{3B665215-FA62-4EEA-BDAF-003795387E78}"
EndProject
Global
	GlobalSection(SolutionConfigurationPlatforms) = preSolution
		Debug|x64 = Debug|x64
		Debug|x86 = Debug|x86
		Release|x64 = Release|x64
		Release|x86 = Release|x86
	EndGlobalSection
	GlobalSection(ProjectConfigurationPlatforms) = postSolution
		{C333D221-4F02-41CA-B0D0-7C1BBF80E365}.Debug|x64.ActiveCfg = Debug|x64
		{C333D221-4F02-41CA-B0D0-7C1BBF80E365}.Debug|x64.Build.0 = Debug|x64
		{C333D221-4F02-41CA-B0D0-7C1BBF80E365}.Debug|x86.ActiveCfg = Debug|Win32
		{C333D221-4F02-41CA-B0D0-7C1BBF80E365}.Debug|x86.Build.0 = Debug|Win32
		{C333D221-4F02-41CA-B0D0-7C1BBF80E365}.Release|x64.ActiveCfg = Release|x64
		{C333D221-4F02-41CA-B0D0-7C1BBF80E365}.Release|x64.Build.0 = Release|x64
		{C333D221-4F02-41CA-B0D0-7C1BBF80E365}.Release|x86.ActiveCfg = Release|Win32
		{C333D221-4F02-41CA-B0D0-7C1BBF80E365}.Release|x86.Build.0 = Release|Win32
		{25CD02C3-3DE1-44E2-887C-939F2DADF908}.Debug|x64.ActiveCfg = Debug|x64
		{25CD02C3-3DE1-44E2-887C-939F2DADF908}.Debug|x64.Build.0 = Debug|x64
		{25CD02C3-3DE1-44E2-887C-939F2DADF908}.Debug|x86.ActiveCfg = Debug|Win32
		{25CD02C3-3DE1-44E2-887C-939F2DADF908}.Debug|x86.Build.0 = Debug|Win32
		{25CD02C3-3DE1-44E2-887C-939F2DADF908}.Release|x64.ActiveCfg = Release|x64
		{25CD02C3-3DE1-44E2-887C-939F2DADF908}.Release|x64.Build.0 = Release|x64
		{25CD02C3-3DE1-44E2-887C-939F2DADF908}.Release|x86.ActiveCfg = Release|Win32
		{25CD02C3-3DE1-44E2-887C-939F2DADF908}.Release|x86.Build.0 = Release|Win32
		{9B451683-7EFB-4423-BBC0-71B180244BF7}.Debug|x64.ActiveCfg = Debug|x64
		{9B451683-7EFB-4423-BBC0-71B180244BF7}.Debug|x64.Build.0 = Debug|x64
		{9B451683-7EFB-4423-BBC0-71B180244BF7}.Debug|x86.ActiveCfg = Debug|Win32
		{9B451683-7EFB-4423-BBC0-71B180244BF7}.Debug|x86.Build.0 = Debug|Win32
		{9B451683-7EFB-4423-BBC0-71B180244BF7}.Release|x64.ActiveCfg = Release|x64
		{9B451683-7EFB-4423-BBC0-71B180244BF7}.Release|x64.Build.0 = Release|x64
		{9B451683-7EFB-4423-BBC0-71B180244BF7}.Release|x86.ActiveCfg = Release|Win32
		{9B451683-7EFB-4423-BBC0-71B180244BF7}.Release|x86.Build.0 = Release|Win32
		{72EA3FE1-154E-40C3-A9A4-A745085748CB}.Debug|x64.ActiveCfg = Debug|x64
		{72EA3FE1-154E-40C3-A9A4-A745085748CB}.Debug|x64.Build.0 = Debug|x64
		{72EA3FE1-154E-40C3-A9A4-A745085748CB}.Debug|x86.ActiveCfg = Debug|Win32
		{72EA3FE1-154E-40C3-A9A4-A745085748CB}.Debug|x86.Build.0 = Debug|Win32
		{72EA3FE1-154E-40C3-A9A4-A745085748CB}.Release|x64.ActiveCfg = Release|x64
		{72EA3FE1-154E-40C3-A9A4-A745085748CB}.Release|x64.Build.0 = Release|x64
		{72EA3FE1-154E-40C3-A9A4-A745085748CB}.Release|x86.ActiveCfg = Release|Win32
		{72EA3FE1-154E-40C3-A9A4-A745085748CB}.Release|x86.Build.0 = Release|Win32
		{2006D77E-E74A-4BCC-BC96-F1FC8BAB0B3B}.Debug|x64.ActiveCfg = Debug|x64
		{2006D77E-E74A-4BCC-BC96-F1FC8BAB0B3B}.Debug|x64.Build.0 = Debug|x64
		{2006D77E-E74A-4BCC-BC96-F1FC8BAB0B3B}.Debug|x86.ActiveCfg = Debug|Win32
		{2006D77E-E74A-4BCC-BC96-F1FC8BAB0B3B}.Debug|x86.Build.0 = Debug|Win32
		{2006D77E-E74A-4BCC-BC96-F1FC8BAB0B3B}.Release|x64.ActiveCfg = Release|x64
		{2006D77E-E74A-4BCC-BC96-F1FC8BAB0B3B}.Release|x64.Build.0 = Release|x64
		{2006D77E-E74A-4BCC-BC96-F1FC8BAB0B3B}.Release|x86.ActiveCfg = Release|Win32
		{2006D77E-E74A-4BCC-BC96-F1FC8BAB0B3B}.Release|x86.Build.0 = Release|Win32
		{6B659720-5876-41C1-9C8F-9121B905A8E9}.Debug|x64.ActiveCfg = Debug|x64
		{6B659720-5876-41C1-9C8F-9121B905A8E9}.Debug|x64.Build.0 = Debug|x64
		{6B659720-5876-41C1-9C8F-9121B905A8E9}.Debug|x86.ActiveCfg = Debug|Win32
		{6B659720-5876-41C1-9C8F-9121B905A8E9}.Debug|x86.Build.0 = Debug|Win32
		{6B659720-5876-41C1-9C8F-9121B905A8E9}.Release|x64.ActiveCfg = Release|x64
		{6B659720-5876-41C1-9C8F-9121B905A8E9}.Release|x64.Build.0 = Release|x64
		{6B659720-5876-41C1-9C8F-9121B905A8E9}.Release|x86.ActiveCfg = Release|Win32
		{6B659720-5876-41C1-9C8F-9121B905A8E9}.Release|x86.Build.0 = Release|Win32
		{D7CE0708-58C7-4515-B739-774FEAAF578E}.Debug|x64.ActiveCfg = Debug|x64
		{D7CE0708-58C7-4515-B739-774FEAAF578E}.Debug|x64.Build.0 = Debug|x64
		{D7CE0708-58C7-4515-B739-774FEAAF578E}.Debug|x86.ActiveCfg = Debug|Win32
		{D7CE0708-58C7-4515-B739-774FEAAF578E}.Debug|x86.Build.0 = Debug|Win32
		{D7CE0708-58C7-4515-B739-774FEAAF578E}.Release|x64.ActiveCfg = Release|x64
		{D7CE0708-58C7-4515-B739-774FEAAF578E}.Release|x64.Build.0 = Release|x64
		{D7CE0708-58C7-4515-B739-774FEAAF578E}.Release|x86.ActiveCfg = Release|Win32
		{D7CE0708-58C7-4515-B739-774FEAAF578E}.Release|x86.Build.0 = Release|Win32
		{2AF0BCA9-403C-4DA9-BFB8-DDFCE8C9D544}.Debug|x64.ActiveCfg = Debug|x64
		{2AF0BCA9-403C-4DA9-BFB8-DDFCE8C9D544}.Debug|x64.Build.0 = Debug|x64
		{2AF0BCA9-403C-4DA9-BFB8-DDFCE8C9D544}.Debug|x86.ActiveCfg = Debug|Win32
		{2AF0BCA9-403C-4DA9-BFB8-DDFCE8C9D544}.Debug|x86.Build.0 = Debug|Win32
		{2AF0BCA9-403C-4DA9-BFB8-DDFCE8C9D544}.Release|x64.ActiveCfg = Release|x64
		{2AF0BCA9-403C-4DA9-BFB8-DDFCE8C9D544}.Release|x64.Build.0 = Release|x64
		{2AF0BCA9-403C-4DA9-BFB8-DDFCE8C9D544}.Release|x86.ActiveCfg = Release|Win32
		{2AF0BCA9-403C-4DA9-BFB8-DDFCE8C9D544}.Release|x86.Build.0 = Release|Win32
		{3B665215-FA62-4EEA-BDAF-003795387E78}.Debug|x64.ActiveCfg = Debug|x64
		{3B665215-FA62-4EEA-BDAF-003795387E78}.Debug|x64.Build.0 = Debug|x64
		{3B665215-FA62-4EEA-BDAF-003795387E78}.Debug|x86.ActiveCfg = Debug|Win32
		{3B665215-FA62-4EEA-BDAF-003795387E78}.Debug|x86.Build.0 = Debug|Win32
		{3B665215-FA62-4EEA-BDAF-003795387E78}.Release|x64.ActiveCfg = Release|x64
		{3B665215-FA62-4EEA-BDAF-003795387E78}.Release|x64.Build.0 = Release|x64
		{3B665215-FA62-4EEA-BDAF-003795387E78}.Release|x86.ActiveCfg = Release|Win32
		{3B665215-FA62-4EEA-BDAF-003795387E78}.Release|x86.Build.0 = Release|Win32
	EndGlobalSection
	GlobalSection(SolutionProperties) = preSolution
		HideSolutionNode = FALSE
	EndGlobalSection
	GlobalSection(ExtensibilityGlobals) = postSolution
		SolutionGuid = {E8387239-8B58-4F77-BB87-6CA006AE0E62}
	EndGlobalSection
EndGlobal
